// !$*UTF8*$!
{
	archiveVersion = 1;
	classes = {
	};
	objectVersion = 48;
	objects = {

/* Begin PBXBuildFile section */
		11153C621FDE7C2700BC79A3 /* AppDelegate.swift in Sources */ = {isa = PBXBuildFile; fileRef = 11153C611FDE7C2700BC79A3 /* AppDelegate.swift */; };
		11153C641FDE7C2700BC79A3 /* ViewController.swift in Sources */ = {isa = PBXBuildFile; fileRef = 11153C631FDE7C2700BC79A3 /* ViewController.swift */; };
		11153C671FDE7C2700BC79A3 /* Main.storyboard in Resources */ = {isa = PBXBuildFile; fileRef = 11153C651FDE7C2700BC79A3 /* Main.storyboard */; };
		11153C691FDE7C2700BC79A3 /* Assets.xcassets in Resources */ = {isa = PBXBuildFile; fileRef = 11153C681FDE7C2700BC79A3 /* Assets.xcassets */; };
		11153C6C1FDE7C2700BC79A3 /* LaunchScreen.storyboard in Resources */ = {isa = PBXBuildFile; fileRef = 11153C6A1FDE7C2700BC79A3 /* LaunchScreen.storyboard */; };
		11153C771FDE7C2700BC79A3 /* UnitTextUIDemoTests.swift in Sources */ = {isa = PBXBuildFile; fileRef = 11153C761FDE7C2700BC79A3 /* UnitTextUIDemoTests.swift */; };
		11153C821FDE7C2700BC79A3 /* UnitTextUIDemoUITests.swift in Sources */ = {isa = PBXBuildFile; fileRef = 11153C811FDE7C2700BC79A3 /* UnitTextUIDemoUITests.swift */; };
/* End PBXBuildFile section */

/* Begin PBXContainerItemProxy section */
		11153C731FDE7C2700BC79A3 /* PBXContainerItemProxy */ = {
			isa = PBXContainerItemProxy;
			containerPortal = 11153C561FDE7C2700BC79A3 /* Project object */;
			proxyType = 1;
			remoteGlobalIDString = 11153C5D1FDE7C2700BC79A3;
			remoteInfo = UnitTextUIDemo;
		};
		11153C7E1FDE7C2700BC79A3 /* PBXContainerItemProxy */ = {
			isa = PBXContainerItemProxy;
			containerPortal = 11153C561FDE7C2700BC79A3 /* Project object */;
			proxyType = 1;
			remoteGlobalIDString = 11153C5D1FDE7C2700BC79A3;
			remoteInfo = UnitTextUIDemo;
		};
/* End PBXContainerItemProxy section */

/* Begin PBXFileReference section */
		11153C5E1FDE7C2700BC79A3 /* UnitTextUIDemo.app */ = {isa = PBXFileReference; explicitFileType = wrapper.application; includeInIndex = 0; path = UnitTextUIDemo.app; sourceTree = BUILT_PRODUCTS_DIR; };
		11153C611FDE7C2700BC79A3 /* AppDelegate.swift */ = {isa = PBXFileReference; lastKnownFileType = sourcecode.swift; path = AppDelegate.swift; sourceTree = "<group>"; };
		11153C631FDE7C2700BC79A3 /* ViewController.swift */ = {isa = PBXFileReference; lastKnownFileType = sourcecode.swift; path = ViewController.swift; sourceTree = "<group>"; };
		11153C661FDE7C2700BC79A3 /* Base */ = {isa = PBXFileReference; lastKnownFileType = file.storyboard; name = Base; path = Base.lproj/Main.storyboard; sourceTree = "<group>"; };
		11153C681FDE7C2700BC79A3 /* Assets.xcassets */ = {isa = PBXFileReference; lastKnownFileType = folder.assetcatalog; path = Assets.xcassets; sourceTree = "<group>"; };
		11153C6B1FDE7C2700BC79A3 /* Base */ = {isa = PBXFileReference; lastKnownFileType = file.storyboard; name = Base; path = Base.lproj/LaunchScreen.storyboard; sourceTree = "<group>"; };
		11153C6D1FDE7C2700BC79A3 /* Info.plist */ = {isa = PBXFileReference; lastKnownFileType = text.plist.xml; path = Info.plist; sourceTree = "<group>"; };
		11153C721FDE7C2700BC79A3 /* UnitTextUIDemoTests.xctest */ = {isa = PBXFileReference; explicitFileType = wrapper.cfbundle; includeInIndex = 0; path = UnitTextUIDemoTests.xctest; sourceTree = BUILT_PRODUCTS_DIR; };
		11153C761FDE7C2700BC79A3 /* UnitTextUIDemoTests.swift */ = {isa = PBXFileReference; lastKnownFileType = sourcecode.swift; path = UnitTextUIDemoTests.swift; sourceTree = "<group>"; };
		11153C781FDE7C2700BC79A3 /* Info.plist */ = {isa = PBXFileReference; lastKnownFileType = text.plist.xml; path = Info.plist; sourceTree = "<group>"; };
		11153C7D1FDE7C2700BC79A3 /* UnitTextUIDemoUITests.xctest */ = {isa = PBXFileReference; explicitFileType = wrapper.cfbundle; includeInIndex = 0; path = UnitTextUIDemoUITests.xctest; sourceTree = BUILT_PRODUCTS_DIR; };
		11153C811FDE7C2700BC79A3 /* UnitTextUIDemoUITests.swift */ = {isa = PBXFileReference; lastKnownFileType = sourcecode.swift; path = UnitTextUIDemoUITests.swift; sourceTree = "<group>"; };
		11153C831FDE7C2700BC79A3 /* Info.plist */ = {isa = PBXFileReference; lastKnownFileType = text.plist.xml; path = Info.plist; sourceTree = "<group>"; };
/* End PBXFileReference section */

/* Begin PBXFrameworksBuildPhase section */
		11153C5B1FDE7C2700BC79A3 /* Frameworks */ = {
			isa = PBXFrameworksBuildPhase;
			buildActionMask = 2147483647;
			files = (
			);
			runOnlyForDeploymentPostprocessing = 0;
		};
		11153C6F1FDE7C2700BC79A3 /* Frameworks */ = {
			isa = PBXFrameworksBuildPhase;
			buildActionMask = 2147483647;
			files = (
			);
			runOnlyForDeploymentPostprocessing = 0;
		};
		11153C7A1FDE7C2700BC79A3 /* Frameworks */ = {
			isa = PBXFrameworksBuildPhase;
			buildActionMask = 2147483647;
			files = (
			);
			runOnlyForDeploymentPostprocessing = 0;
		};
/* End PBXFrameworksBuildPhase section */

/* Begin PBXGroup section */
		11153C551FDE7C2700BC79A3 = {
			isa = PBXGroup;
			children = (
				11153C601FDE7C2700BC79A3 /* UnitTextUIDemo */,
				11153C751FDE7C2700BC79A3 /* UnitTextUIDemoTests */,
				11153C801FDE7C2700BC79A3 /* UnitTextUIDemoUITests */,
				11153C5F1FDE7C2700BC79A3 /* Products */,
			);
			sourceTree = "<group>";
		};
		11153C5F1FDE7C2700BC79A3 /* Products */ = {
			isa = PBXGroup;
			children = (
				11153C5E1FDE7C2700BC79A3 /* UnitTextUIDemo.app */,
				11153C721FDE7C2700BC79A3 /* UnitTextUIDemoTests.xctest */,
				11153C7D1FDE7C2700BC79A3 /* UnitTextUIDemoUITests.xctest */,
			);
			name = Products;
			sourceTree = "<group>";
		};
		11153C601FDE7C2700BC79A3 /* UnitTextUIDemo */ = {
			isa = PBXGroup;
			children = (
				11153C611FDE7C2700BC79A3 /* AppDelegate.swift */,
				11153C631FDE7C2700BC79A3 /* ViewController.swift */,
				11153C651FDE7C2700BC79A3 /* Main.storyboard */,
				11153C681FDE7C2700BC79A3 /* Assets.xcassets */,
				11153C6A1FDE7C2700BC79A3 /* LaunchScreen.storyboard */,
				11153C6D1FDE7C2700BC79A3 /* Info.plist */,
			);
			path = UnitTextUIDemo;
			sourceTree = "<group>";
		};
		11153C751FDE7C2700BC79A3 /* UnitTextUIDemoTests */ = {
			isa = PBXGroup;
			children = (
				11153C761FDE7C2700BC79A3 /* UnitTextUIDemoTests.swift */,
				11153C781FDE7C2700BC79A3 /* Info.plist */,
			);
			path = UnitTextUIDemoTests;
			sourceTree = "<group>";
		};
		11153C801FDE7C2700BC79A3 /* UnitTextUIDemoUITests */ = {
			isa = PBXGroup;
			children = (
				11153C811FDE7C2700BC79A3 /* UnitTextUIDemoUITests.swift */,
				11153C831FDE7C2700BC79A3 /* Info.plist */,
			);
			path = UnitTextUIDemoUITests;
			sourceTree = "<group>";
		};
/* End PBXGroup section */

/* Begin PBXNativeTarget section */
		11153C5D1FDE7C2700BC79A3 /* UnitTextUIDemo */ = {
			isa = PBXNativeTarget;
			buildConfigurationList = 11153C861FDE7C2700BC79A3 /* Build configuration list for PBXNativeTarget "UnitTextUIDemo" */;
			buildPhases = (
				11153C5A1FDE7C2700BC79A3 /* Sources */,
				11153C5B1FDE7C2700BC79A3 /* Frameworks */,
				11153C5C1FDE7C2700BC79A3 /* Resources */,
			);
			buildRules = (
			);
			dependencies = (
			);
			name = UnitTextUIDemo;
			productName = UnitTextUIDemo;
			productReference = 11153C5E1FDE7C2700BC79A3 /* UnitTextUIDemo.app */;
			productType = "com.apple.product-type.application";
		};
		11153C711FDE7C2700BC79A3 /* UnitTextUIDemoTests */ = {
			isa = PBXNativeTarget;
			buildConfigurationList = 11153C891FDE7C2700BC79A3 /* Build configuration list for PBXNativeTarget "UnitTextUIDemoTests" */;
			buildPhases = (
				11153C6E1FDE7C2700BC79A3 /* Sources */,
				11153C6F1FDE7C2700BC79A3 /* Frameworks */,
				11153C701FDE7C2700BC79A3 /* Resources */,
			);
			buildRules = (
			);
			dependencies = (
				11153C741FDE7C2700BC79A3 /* PBXTargetDependency */,
			);
			name = UnitTextUIDemoTests;
			productName = UnitTextUIDemoTests;
			productReference = 11153C721FDE7C2700BC79A3 /* UnitTextUIDemoTests.xctest */;
			productType = "com.apple.product-type.bundle.unit-test";
		};
		11153C7C1FDE7C2700BC79A3 /* UnitTextUIDemoUITests */ = {
			isa = PBXNativeTarget;
			buildConfigurationList = 11153C8C1FDE7C2700BC79A3 /* Build configuration list for PBXNativeTarget "UnitTextUIDemoUITests" */;
			buildPhases = (
				11153C791FDE7C2700BC79A3 /* Sources */,
				11153C7A1FDE7C2700BC79A3 /* Frameworks */,
				11153C7B1FDE7C2700BC79A3 /* Resources */,
			);
			buildRules = (
			);
			dependencies = (
				11153C7F1FDE7C2700BC79A3 /* PBXTargetDependency */,
			);
			name = UnitTextUIDemoUITests;
			productName = UnitTextUIDemoUITests;
			productReference = 11153C7D1FDE7C2700BC79A3 /* UnitTextUIDemoUITests.xctest */;
			productType = "com.apple.product-type.bundle.ui-testing";
		};
/* End PBXNativeTarget section */

/* Begin PBXProject section */
		11153C561FDE7C2700BC79A3 /* Project object */ = {
			isa = PBXProject;
			attributes = {
				LastSwiftUpdateCheck = 0910;
				LastUpgradeCheck = 0910;
				ORGANIZATIONNAME = "王留根";
				TargetAttributes = {
					11153C5D1FDE7C2700BC79A3 = {
						CreatedOnToolsVersion = 9.1;
						ProvisioningStyle = Automatic;
					};
					11153C711FDE7C2700BC79A3 = {
						CreatedOnToolsVersion = 9.1;
						ProvisioningStyle = Automatic;
						TestTargetID = 11153C5D1FDE7C2700BC79A3;
					};
					11153C7C1FDE7C2700BC79A3 = {
						CreatedOnToolsVersion = 9.1;
						ProvisioningStyle = Automatic;
						TestTargetID = 11153C5D1FDE7C2700BC79A3;
					};
				};
			};
			buildConfigurationList = 11153C591FDE7C2700BC79A3 /* Build configuration list for PBXProject "UnitTextUIDemo" */;
			compatibilityVersion = "Xcode 8.0";
			developmentRegion = en;
			hasScannedForEncodings = 0;
			knownRegions = (
				en,
				Base,
			);
			mainGroup = 11153C551FDE7C2700BC79A3;
			productRefGroup = 11153C5F1FDE7C2700BC79A3 /* Products */;
			projectDirPath = "";
			projectRoot = "";
			targets = (
				11153C5D1FDE7C2700BC79A3 /* UnitTextUIDemo */,
				11153C711FDE7C2700BC79A3 /* UnitTextUIDemoTests */,
				11153C7C1FDE7C2700BC79A3 /* UnitTextUIDemoUITests */,
			);
		};
/* End PBXProject section */

/* Begin PBXResourcesBuildPhase section */
		11153C5C1FDE7C2700BC79A3 /* Resources */ = {
			isa = PBXResourcesBuildPhase;
			buildActionMask = 2147483647;
			files = (
				11153C6C1FDE7C2700BC79A3 /* LaunchScreen.storyboard in Resources */,
				11153C691FDE7C2700BC79A3 /* Assets.xcassets in Resources */,
				11153C671FDE7C2700BC79A3 /* Main.storyboard in Resources */,
			);
			runOnlyForDeploymentPostprocessing = 0;
		};
		11153C701FDE7C2700BC79A3 /* Resources */ = {
			isa = PBXResourcesBuildPhase;
			buildActionMask = 2147483647;
			files = (
			);
			runOnlyForDeploymentPostprocessing = 0;
		};
		11153C7B1FDE7C2700BC79A3 /* Resources */ = {
			isa = PBXResourcesBuildPhase;
			buildActionMask = 2147483647;
			files = (
			);
			runOnlyForDeploymentPostprocessing = 0;
		};
/* End PBXResourcesBuildPhase section */

/* Begin PBXSourcesBuildPhase section */
		11153C5A1FDE7C2700BC79A3 /* Sources */ = {
			isa = PBXSourcesBuildPhase;
			buildActionMask = 2147483647;
			files = (
				11153C641FDE7C2700BC79A3 /* ViewController.swift in Sources */,
				11153C621FDE7C2700BC79A3 /* AppDelegate.swift in Sources */,
			);
			runOnlyForDeploymentPostprocessing = 0;
		};
		11153C6E1FDE7C2700BC79A3 /* Sources */ = {
			isa = PBXSourcesBuildPhase;
			buildActionMask = 2147483647;
			files = (
				11153C771FDE7C2700BC79A3 /* UnitTextUIDemoTests.swift in Sources */,
			);
			runOnlyForDeploymentPostprocessing = 0;
		};
		11153C791FDE7C2700BC79A3 /* Sources */ = {
			isa = PBXSourcesBuildPhase;
			buildActionMask = 2147483647;
			files = (
				11153C821FDE7C2700BC79A3 /* UnitTextUIDemoUITests.swift in Sources */,
			);
			runOnlyForDeploymentPostprocessing = 0;
		};
/* End PBXSourcesBuildPhase section */

/* Begin PBXTargetDependency section */
		11153C741FDE7C2700BC79A3 /* PBXTargetDependency */ = {
			isa = PBXTargetDependency;
			target = 11153C5D1FDE7C2700BC79A3 /* UnitTextUIDemo */;
			targetProxy = 11153C731FDE7C2700BC79A3 /* PBXContainerItemProxy */;
		};
		11153C7F1FDE7C2700BC79A3 /* PBXTargetDependency */ = {
			isa = PBXTargetDependency;
			target = 11153C5D1FDE7C2700BC79A3 /* UnitTextUIDemo */;
			targetProxy = 11153C7E1FDE7C2700BC79A3 /* PBXContainerItemProxy */;
		};
/* End PBXTargetDependency section */

/* Begin PBXVariantGroup section */
		11153C651FDE7C2700BC79A3 /* Main.storyboard */ = {
			isa = PBXVariantGroup;
			children = (
				11153C661FDE7C2700BC79A3 /* Base */,
			);
			name = Main.storyboard;
			sourceTree = "<group>";
		};
		11153C6A1FDE7C2700BC79A3 /* LaunchScreen.storyboard */ = {
			isa = PBXVariantGroup;
			children = (
				11153C6B1FDE7C2700BC79A3 /* Base */,
			);
			name = LaunchScreen.storyboard;
			sourceTree = "<group>";
		};
/* End PBXVariantGroup section */

/* Begin XCBuildConfiguration section */
		11153C841FDE7C2700BC79A3 /* Debug */ = {
			isa = XCBuildConfiguration;
			buildSettings = {
				ALWAYS_SEARCH_USER_PATHS = NO;
				CLANG_ANALYZER_NONNULL = YES;
				CLANG_ANALYZER_NUMBER_OBJECT_CONVERSION = YES_AGGRESSIVE;
				CLANG_CXX_LANGUAGE_STANDARD = "gnu++14";
				CLANG_CXX_LIBRARY = "libc++";
				CLANG_ENABLE_MODULES = YES;
				CLANG_ENABLE_OBJC_ARC = YES;
				CLANG_WARN_BLOCK_CAPTURE_AUTORELEASING = YES;
				CLANG_WARN_BOOL_CONVERSION = YES;
				CLANG_WARN_COMMA = YES;
				CLANG_WARN_CONSTANT_CONVERSION = YES;
				CLANG_WARN_DIRECT_OBJC_ISA_USAGE = YES_ERROR;
				CLANG_WARN_DOCUMENTATION_COMMENTS = YES;
				CLANG_WARN_EMPTY_BODY = YES;
				CLANG_WARN_ENUM_CONVERSION = YES;
				CLANG_WARN_INFINITE_RECURSION = YES;
				CLANG_WARN_INT_CONVERSION = YES;
				CLANG_WARN_NON_LITERAL_NULL_CONVERSION = YES;
				CLANG_WARN_OBJC_LITERAL_CONVERSION = YES;
				CLANG_WARN_OBJC_ROOT_CLASS = YES_ERROR;
				CLANG_WARN_RANGE_LOOP_ANALYSIS = YES;
				CLANG_WARN_STRICT_PROTOTYPES = YES;
				CLANG_WARN_SUSPICIOUS_MOVE = YES;
				CLANG_WARN_UNGUARDED_AVAILABILITY = YES_AGGRESSIVE;
				CLANG_WARN_UNREACHABLE_CODE = YES;
				CLANG_WARN__DUPLICATE_METHOD_MATCH = YES;
				CODE_SIGN_IDENTITY = "iPhone Developer";
				COPY_PHASE_STRIP = NO;
				DEBUG_INFORMATION_FORMAT = dwarf;
				ENABLE_STRICT_OBJC_MSGSEND = YES;
				ENABLE_TESTABILITY = YES;
				GCC_C_LANGUAGE_STANDARD = gnu11;
				GCC_DYNAMIC_NO_PIC = NO;
				GCC_NO_COMMON_BLOCKS = YES;
				GCC_OPTIMIZATION_LEVEL = 0;
				GCC_PREPROCESSOR_DEFINITIONS = (
					"DEBUG=1",
					"$(inherited)",
				);
				GCC_WARN_64_TO_32_BIT_CONVERSION = YES;
				GCC_WARN_ABOUT_RETURN_TYPE = YES_ERROR;
				GCC_WARN_UNDECLARED_SELECTOR = YES;
				GCC_WARN_UNINITIALIZED_AUTOS = YES_AGGRESSIVE;
				GCC_WARN_UNUSED_FUNCTION = YES;
				GCC_WARN_UNUSED_VARIABLE = YES;
				IPHONEOS_DEPLOYMENT_TARGET = 11.1;
				MTL_ENABLE_DEBUG_INFO = YES;
				ONLY_ACTIVE_ARCH = YES;
				SDKROOT = iphoneos;
				SWIFT_ACTIVE_COMPILATION_CONDITIONS = DEBUG;
				SWIFT_OPTIMIZATION_LEVEL = "-Onone";
			};
			name = Debug;
		};
		11153C851FDE7C2700BC79A3 /* Release */ = {
			isa = XCBuildConfiguration;
			buildSettings = {
				ALWAYS_SEARCH_USER_PATHS = NO;
				CLANG_ANALYZER_NONNULL = YES;
				CLANG_ANALYZER_NUMBER_OBJECT_CONVERSION = YES_AGGRESSIVE;
				CLANG_CXX_LANGUAGE_STANDARD = "gnu++14";
				CLANG_CXX_LIBRARY = "libc++";
				CLANG_ENABLE_MODULES = YES;
				CLANG_ENABLE_OBJC_ARC = YES;
				CLANG_WARN_BLOCK_CAPTURE_AUTORELEASING = YES;
				CLANG_WARN_BOOL_CONVERSION = YES;
				CLANG_WARN_COMMA = YES;
				CLANG_WARN_CONSTANT_CONVERSION = YES;
				CLANG_WARN_DIRECT_OBJC_ISA_USAGE = YES_ERROR;
				CLANG_WARN_DOCUMENTATION_COMMENTS = YES;
				CLANG_WARN_EMPTY_BODY = YES;
				CLANG_WARN_ENUM_CONVERSION = YES;
				CLANG_WARN_INFINITE_RECURSION = YES;
				CLANG_WARN_INT_CONVERSION = YES;
				CLANG_WARN_NON_LITERAL_NULL_CONVERSION = YES;
				CLANG_WARN_OBJC_LITERAL_CONVERSION = YES;
				CLANG_WARN_OBJC_ROOT_CLASS = YES_ERROR;
				CLANG_WARN_RANGE_LOOP_ANALYSIS = YES;
				CLANG_WARN_STRICT_PROTOTYPES = YES;
				CLANG_WARN_SUSPICIOUS_MOVE = YES;
				CLANG_WARN_UNGUARDED_AVAILABILITY = YES_AGGRESSIVE;
				CLANG_WARN_UNREACHABLE_CODE = YES;
				CLANG_WARN__DUPLICATE_METHOD_MATCH = YES;
				CODE_SIGN_IDENTITY = "iPhone Developer";
				COPY_PHASE_STRIP = NO;
				DEBUG_INFORMATION_FORMAT = "dwarf-with-dsym";
				ENABLE_NS_ASSERTIONS = NO;
				ENABLE_STRICT_OBJC_MSGSEND = YES;
				GCC_C_LANGUAGE_STANDARD = gnu11;
				GCC_NO_COMMON_BLOCKS = YES;
				GCC_WARN_64_TO_32_BIT_CONVERSION = YES;
				GCC_WARN_ABOUT_RETURN_TYPE = YES_ERROR;
				GCC_WARN_UNDECLARED_SELECTOR = YES;
				GCC_WARN_UNINITIALIZED_AUTOS = YES_AGGRESSIVE;
				GCC_WARN_UNUSED_FUNCTION = YES;
				GCC_WARN_UNUSED_VARIABLE = YES;
				IPHONEOS_DEPLOYMENT_TARGET = 11.1;
				MTL_ENABLE_DEBUG_INFO = NO;
				SDKROOT = iphoneos;
				SWIFT_OPTIMIZATION_LEVEL = "-Owholemodule";
				VALIDATE_PRODUCT = YES;
			};
			name = Release;
		};
		11153C871FDE7C2700BC79A3 /* Debug */ = {
			isa = XCBuildConfiguration;
			buildSettings = {
				ASSETCATALOG_COMPILER_APPICON_NAME = AppIcon;
				CODE_SIGN_STYLE = Automatic;
				DEVELOPMENT_TEAM = 87F6Z4326W;
				INFOPLIST_FILE = UnitTextUIDemo/Info.plist;
				IPHONEOS_DEPLOYMENT_TARGET = 9.0;
				LD_RUNPATH_SEARCH_PATHS = "$(inherited) @executable_path/Frameworks";
				PRODUCT_BUNDLE_IDENTIFIER = hoggenw.com.UnitTextUIDemo;
				PRODUCT_NAME = "$(TARGET_NAME)";
				SWIFT_VERSION = 4.0;
				TARGETED_DEVICE_FAMILY = "1,2";
			};
			name = Debug;
		};
		11153C881FDE7C2700BC79A3 /* Release */ = {
			isa = XCBuildConfiguration;
			buildSettings = {
				ASSETCATALOG_COMPILER_APPICON_NAME = AppIcon;
				CODE_SIGN_STYLE = Automatic;
				DEVELOPMENT_TEAM = 87F6Z4326W;
				INFOPLIST_FILE = UnitTextUIDemo/Info.plist;
				IPHONEOS_DEPLOYMENT_TARGET = 9.0;
				LD_RUNPATH_SEARCH_PATHS = "$(inherited) @executable_path/Frameworks";
				PRODUCT_BUNDLE_IDENTIFIER = hoggenw.com.UnitTextUIDemo;
				PRODUCT_NAME = "$(TARGET_NAME)";
				SWIFT_VERSION = 4.0;
				TARGETED_DEVICE_FAMILY = "1,2";
			};
			name = Release;
		};
		11153C8A1FDE7C2700BC79A3 /* Debug */ = {
			isa = XCBuildConfiguration;
			buildSettings = {
				ALWAYS_EMBED_SWIFT_STANDARD_LIBRARIES = YES;
				BUNDLE_LOADER = "$(TEST_HOST)";
				CODE_SIGN_STYLE = Automatic;
				DEVELOPMENT_TEAM = KD59NK3467;
				INFOPLIST_FILE = UnitTextUIDemoTests/Info.plist;
				LD_RUNPATH_SEARCH_PATHS = "$(inherited) @executable_path/Frameworks @loader_path/Frameworks";
				PRODUCT_BUNDLE_IDENTIFIER = hoggenw.com.UnitTextUIDemoTests;
				PRODUCT_NAME = "$(TARGET_NAME)";
				SWIFT_VERSION = 4.0;
				TARGETED_DEVICE_FAMILY = "1,2";
				TEST_HOST = "$(BUILT_PRODUCTS_DIR)/UnitTextUIDemo.app/UnitTextUIDemo";
			};
			name = Debug;
		};
		11153C8B1FDE7C2700BC79A3 /* Release */ = {
			isa = XCBuildConfiguration;
			buildSettings = {
				ALWAYS_EMBED_SWIFT_STANDARD_LIBRARIES = YES;
				BUNDLE_LOADER = "$(TEST_HOST)";
				CODE_SIGN_STYLE = Automatic;
				DEVELOPMENT_TEAM = KD59NK3467;
				INFOPLIST_FILE = UnitTextUIDemoTests/Info.plist;
				LD_RUNPATH_SEARCH_PATHS = "$(inherited) @executable_path/Frameworks @loader_path/Frameworks";
				PRODUCT_BUNDLE_IDENTIFIER = hoggenw.com.UnitTextUIDemoTests;
				PRODUCT_NAME = "$(TARGET_NAME)";
				SWIFT_VERSION = 4.0;
				TARGETED_DEVICE_FAMILY = "1,2";
				TEST_HOST = "$(BUILT_PRODUCTS_DIR)/UnitTextUIDemo.app/UnitTextUIDemo";
			};
			name = Release;
		};
		11153C8D1FDE7C2700BC79A3 /* Debug */ = {
			isa = XCBuildConfiguration;
			buildSettings = {
				ALWAYS_EMBED_SWIFT_STANDARD_LIBRARIES = YES;
				CODE_SIGN_STYLE = Automatic;
				DEVELOPMENT_TEAM = KD59NK3467;
				INFOPLIST_FILE = UnitTextUIDemoUITests/Info.plist;
				LD_RUNPATH_SEARCH_PATHS = "$(inherited) @executable_path/Frameworks @loader_path/Frameworks";
				PRODUCT_BUNDLE_IDENTIFIER = hoggenw.com.UnitTextUIDemoUITests;
				PRODUCT_NAME = "$(TARGET_NAME)";
				SWIFT_VERSION = 4.0;
				TARGETED_DEVICE_FAMILY = "1,2";
				TEST_TARGET_NAME = UnitTextUIDemo;
			};
			name = Debug;
		};
		11153C8E1FDE7C2700BC79A3 /* Release */ = {
			isa = XCBuildConfiguration;
			buildSettings = {
				ALWAYS_EMBED_SWIFT_STANDARD_LIBRARIES = YES;
				CODE_SIGN_STYLE = Automatic;
				DEVELOPMENT_TEAM = KD59NK3467;
				INFOPLIST_FILE = UnitTextUIDemoUITests/Info.plist;
				LD_RUNPATH_SEARCH_PATHS = "$(inherited) @executable_path/Frameworks @loader_path/Frameworks";
				PRODUCT_BUNDLE_IDENTIFIER = hoggenw.com.UnitTextUIDemoUITests;
				PRODUCT_NAME = "$(TARGET_NAME)";
				SWIFT_VERSION = 4.0;
				TARGETED_DEVICE_FAMILY = "1,2";
				TEST_TARGET_NAME = UnitTextUIDemo;
			};
			name = Release;
		};
/* End XCBuildConfiguration section */

/* Begin XCConfigurationList section */
		11153C591FDE7C2700BC79A3 /* Build configuration list for PBXProject "UnitTextUIDemo" */ = {
			isa = XCConfigurationList;
			buildConfigurations = (
				11153C841FDE7C2700BC79A3 /* Debug */,
				11153C851FDE7C2700BC79A3 /* Release */,
			);
			defaultConfigurationIsVisible = 0;
			defaultConfigurationName = Release;
		};
		11153C861FDE7C2700BC79A3 /* Build configuration list for PBXNativeTarget "UnitTextUIDemo" */ = {
			isa = XCConfigurationList;
			buildConfigurations = (
				11153C871FDE7C2700BC79A3 /* Debug */,
				11153C881FDE7C2700BC79A3 /* Release */,
			);
			defaultConfigurationIsVisible = 0;
			defaultConfigurationName = Release;
		};
		11153C891FDE7C2700BC79A3 /* Build configuration list for PBXNativeTarget "UnitTextUIDemoTests" */ = {
			isa = XCConfigurationList;
			buildConfigurations = (
				11153C8A1FDE7C2700BC79A3 /* Debug */,
				11153C8B1FDE7C2700BC79A3 /* Release */,
			);
			defaultConfigurationIsVisible = 0;
			defaultConfigurationName = Release;
		};
		11153C8C1FDE7C2700BC79A3 /* Build configuration list for PBXNativeTarget "UnitTextUIDemoUITests" */ = {
			isa = XCConfigurationList;
			buildConfigurations = (
				11153C8D1FDE7C2700BC79A3 /* Debug */,
				11153C8E1FDE7C2700BC79A3 /* Release */,
			);
			defaultConfigurationIsVisible = 0;
			defaultConfigurationName = Release;
		};
/* End XCConfigurationList section */
	};
	rootObject = 11153C561FDE7C2700BC79A3 /* Project object */;
}
