// !$*UTF8*$!
{
	archiveVersion = 1;
	classes = {
	};
	objectVersion = 51;
	objects = {

/* Begin PBXBuildFile section */
		111BABDB232F2A4C0011C710 /* Music.swift in Sources */ = {isa = PBXBuildFile; fileRef = 111BABDA232F2A4C0011C710 /* Music.swift */; };
		111BABDD232F2B340011C710 /* MusicListViewModel.swift in Sources */ = {isa = PBXBuildFile; fileRef = 111BABDC232F2B340011C710 /* MusicListViewModel.swift */; };
		111BABE0232F2D580011C710 /* YLConstant.swift in Sources */ = {isa = PBXBuildFile; fileRef = 111BABDF232F2D580011C710 /* YLConstant.swift */; };
		111BABE3232F2DF90011C710 /* LanguageUtil.swift in Sources */ = {isa = PBXBuildFile; fileRef = 111BABE2232F2DF90011C710 /* LanguageUtil.swift */; };
		111BABE6232F38E90011C710 /* ShowInfoTableViewCell.swift in Sources */ = {isa = PBXBuildFile; fileRef = 111BABE5232F38E90011C710 /* ShowInfoTableViewCell.swift */; };
		111BABE8232F67F80011C710 /* UILabelViewController.swift in Sources */ = {isa = PBXBuildFile; fileRef = 111BABE7232F67F80011C710 /* UILabelViewController.swift */; };
		111BABEC232F6CCF0011C710 /* UITextFieldViewController.swift in Sources */ = {isa = PBXBuildFile; fileRef = 111BABEB232F6CCF0011C710 /* UITextFieldViewController.swift */; };
		111BABEE233A0BD40011C710 /* UIResponder+Extension.swift in Sources */ = {isa = PBXBuildFile; fileRef = 111BABED233A0BD40011C710 /* UIResponder+Extension.swift */; };
		111E64B0233B572E00BE3ECD /* FileManagerUtil.swift in Sources */ = {isa = PBXBuildFile; fileRef = 111E64AF233B572E00BE3ECD /* FileManagerUtil.swift */; };
		111E64B2233C8CEC00BE3ECD /* UserDefUtils.swift in Sources */ = {isa = PBXBuildFile; fileRef = 111E64B1233C8CEC00BE3ECD /* UserDefUtils.swift */; };
		111E64B8233C932500BE3ECD /* YLUMengHelper.swift in Sources */ = {isa = PBXBuildFile; fileRef = 111E64B7233C932500BE3ECD /* YLUMengHelper.swift */; };
		111E64BF233CA0C200BE3ECD /* Localizable.strings in Resources */ = {isa = PBXBuildFile; fileRef = 111E64BD233CA0C200BE3ECD /* Localizable.strings */; };
		111E64C0233CA0C200BE3ECD /* InfoPlist.strings in Resources */ = {isa = PBXBuildFile; fileRef = 111E64BE233CA0C200BE3ECD /* InfoPlist.strings */; };
		111E64C2233CA19A00BE3ECD /* YLIFlyHelper.swift in Sources */ = {isa = PBXBuildFile; fileRef = 111E64C1233CA19A00BE3ECD /* YLIFlyHelper.swift */; };
		111E64C5233CA26C00BE3ECD /* iflyMSC.framework in Frameworks */ = {isa = PBXBuildFile; fileRef = 111E64C4233CA26C00BE3ECD /* iflyMSC.framework */; };
		111E64C7233CA2F100BE3ECD /* libc++.tbd in Frameworks */ = {isa = PBXBuildFile; fileRef = 111E64C6233CA2F000BE3ECD /* libc++.tbd */; };
		111E64C9233CA33500BE3ECD /* libstdc++.6.0.9.tbd in Frameworks */ = {isa = PBXBuildFile; fileRef = 111E64C8233CA33500BE3ECD /* libstdc++.6.0.9.tbd */; };
		111E64CB233CA34400BE3ECD /* libz.tbd in Frameworks */ = {isa = PBXBuildFile; fileRef = 111E64CA233CA34400BE3ECD /* libz.tbd */; };
		111E64CD233CA35200BE3ECD /* libbz2.tbd in Frameworks */ = {isa = PBXBuildFile; fileRef = 111E64CC233CA35200BE3ECD /* libbz2.tbd */; };
		111E64CF233CA35D00BE3ECD /* AudioToolbox.framework in Frameworks */ = {isa = PBXBuildFile; fileRef = 111E64CE233CA35D00BE3ECD /* AudioToolbox.framework */; };
		111E64D1233CA36300BE3ECD /* AVFoundation.framework in Frameworks */ = {isa = PBXBuildFile; fileRef = 111E64D0233CA36300BE3ECD /* AVFoundation.framework */; };
		111E64D3233CA36F00BE3ECD /* CoreGraphics.framework in Frameworks */ = {isa = PBXBuildFile; fileRef = 111E64D2233CA36F00BE3ECD /* CoreGraphics.framework */; };
		111E64D5233CA37D00BE3ECD /* CoreVideo.framework in Frameworks */ = {isa = PBXBuildFile; fileRef = 111E64D4233CA37D00BE3ECD /* CoreVideo.framework */; };
		111E64D7233CA38900BE3ECD /* MediaPlayer.framework in Frameworks */ = {isa = PBXBuildFile; fileRef = 111E64D6233CA38900BE3ECD /* MediaPlayer.framework */; };
		111E64D9233CA39300BE3ECD /* MobileCoreServices.framework in Frameworks */ = {isa = PBXBuildFile; fileRef = 111E64D8233CA39300BE3ECD /* MobileCoreServices.framework */; };
		111E64DB233CA39D00BE3ECD /* OpenGLES.framework in Frameworks */ = {isa = PBXBuildFile; fileRef = 111E64DA233CA39D00BE3ECD /* OpenGLES.framework */; };
		111E64DD233CA3A600BE3ECD /* QuartzCore.framework in Frameworks */ = {isa = PBXBuildFile; fileRef = 111E64DC233CA3A600BE3ECD /* QuartzCore.framework */; };
		111E64DF233CA3B000BE3ECD /* VideoToolbox.framework in Frameworks */ = {isa = PBXBuildFile; fileRef = 111E64DE233CA3B000BE3ECD /* VideoToolbox.framework */; };
		111E64E1233CA3C000BE3ECD /* libiconv.tbd in Frameworks */ = {isa = PBXBuildFile; fileRef = 111E64E0233CA3C000BE3ECD /* libiconv.tbd */; };
		111E64E3233CA3DA00BE3ECD /* AddressBook.framework in Frameworks */ = {isa = PBXBuildFile; fileRef = 111E64E2233CA3DA00BE3ECD /* AddressBook.framework */; };
		111E64E5233CA3EF00BE3ECD /* Contacts.framework in Frameworks */ = {isa = PBXBuildFile; fileRef = 111E64E4233CA3EF00BE3ECD /* Contacts.framework */; };
		111E64E7233CA40100BE3ECD /* CoreLocation.framework in Frameworks */ = {isa = PBXBuildFile; fileRef = 111E64E6233CA40100BE3ECD /* CoreLocation.framework */; };
		111E64E9233CA40A00BE3ECD /* UIKit.framework in Frameworks */ = {isa = PBXBuildFile; fileRef = 111E64E8233CA40A00BE3ECD /* UIKit.framework */; };
		111E64EB233CA41100BE3ECD /* Foundation.framework in Frameworks */ = {isa = PBXBuildFile; fileRef = 111E64EA233CA41100BE3ECD /* Foundation.framework */; };
		111E64ED233CA41E00BE3ECD /* SystemConfiguration.framework in Frameworks */ = {isa = PBXBuildFile; fileRef = 111E64EC233CA41E00BE3ECD /* SystemConfiguration.framework */; };
		111E64EF233CA42800BE3ECD /* CoreTelephony.framework in Frameworks */ = {isa = PBXBuildFile; fileRef = 111E64EE233CA42800BE3ECD /* CoreTelephony.framework */; };
		112262472328CEB7007CE3A6 /* AppDelegate.swift in Sources */ = {isa = PBXBuildFile; fileRef = 112262462328CEB7007CE3A6 /* AppDelegate.swift */; };
		112262492328CEB7007CE3A6 /* ViewController.swift in Sources */ = {isa = PBXBuildFile; fileRef = 112262482328CEB7007CE3A6 /* ViewController.swift */; };
		1122624E2328CEB8007CE3A6 /* Assets.xcassets in Resources */ = {isa = PBXBuildFile; fileRef = 1122624D2328CEB8007CE3A6 /* Assets.xcassets */; };
		1169D8152329F23F0022C00E /* UIImageView+Extension.swift in Sources */ = {isa = PBXBuildFile; fileRef = 1169D8052329F23F0022C00E /* UIImageView+Extension.swift */; };
		1169D8162329F23F0022C00E /* UIColor+Extension.swift in Sources */ = {isa = PBXBuildFile; fileRef = 1169D8062329F23F0022C00E /* UIColor+Extension.swift */; };
		1169D8172329F23F0022C00E /* Date+Extension.swift in Sources */ = {isa = PBXBuildFile; fileRef = 1169D8072329F23F0022C00E /* Date+Extension.swift */; };
		1169D8182329F23F0022C00E /* UIView+Extension.swift in Sources */ = {isa = PBXBuildFile; fileRef = 1169D8082329F23F0022C00E /* UIView+Extension.swift */; };
		1169D8192329F23F0022C00E /* UIImage+Extension.swift in Sources */ = {isa = PBXBuildFile; fileRef = 1169D8092329F23F0022C00E /* UIImage+Extension.swift */; };
		1169D81A2329F23F0022C00E /* YLMumViewController.swift in Sources */ = {isa = PBXBuildFile; fileRef = 1169D80A2329F23F0022C00E /* YLMumViewController.swift */; };
		1169D81B2329F23F0022C00E /* UIButton + Extension.swift in Sources */ = {isa = PBXBuildFile; fileRef = 1169D80B2329F23F0022C00E /* UIButton + Extension.swift */; };
		1169D81C2329F23F0022C00E /* String+Extension.swift in Sources */ = {isa = PBXBuildFile; fileRef = 1169D80C2329F23F0022C00E /* String+Extension.swift */; };
		1169D81D2329F23F0022C00E /* YLNavigationController.swift in Sources */ = {isa = PBXBuildFile; fileRef = 1169D80D2329F23F0022C00E /* YLNavigationController.swift */; };
		1169D81E2329F23F0022C00E /* Timer+Extension.swift in Sources */ = {isa = PBXBuildFile; fileRef = 1169D80E2329F23F0022C00E /* Timer+Extension.swift */; };
		1169D81F2329F23F0022C00E /* Dictionary+Extension.swift in Sources */ = {isa = PBXBuildFile; fileRef = 1169D80F2329F23F0022C00E /* Dictionary+Extension.swift */; };
		1169D8202329F23F0022C00E /* Device.swift in Sources */ = {isa = PBXBuildFile; fileRef = 1169D8102329F23F0022C00E /* Device.swift */; };
		1169D8212329F23F0022C00E /* CGSize+Extension.swift in Sources */ = {isa = PBXBuildFile; fileRef = 1169D8112329F23F0022C00E /* CGSize+Extension.swift */; };
		1169D8222329F23F0022C00E /* YLMainTabbarViewController.swift in Sources */ = {isa = PBXBuildFile; fileRef = 1169D8122329F23F0022C00E /* YLMainTabbarViewController.swift */; };
		1169D8232329F23F0022C00E /* Array+Extension .swift in Sources */ = {isa = PBXBuildFile; fileRef = 1169D8132329F23F0022C00E /* Array+Extension .swift */; };
		1169D8242329F23F0022C00E /* UILable+Extension.swift in Sources */ = {isa = PBXBuildFile; fileRef = 1169D8142329F23F0022C00E /* UILable+Extension.swift */; };
		116B9219233DF1520069AEAC /* DatePickerView.swift in Sources */ = {isa = PBXBuildFile; fileRef = 116B9218233DF1520069AEAC /* DatePickerView.swift */; };
		8841204FBC47F4F9CD0230DB /* Pods_YLSwiftTest.framework in Frameworks */ = {isa = PBXBuildFile; fileRef = 52099E6CB9EB1298C9844324 /* Pods_YLSwiftTest.framework */; };
/* End PBXBuildFile section */

/* Begin PBXFileReference section */
		0B7308C87586667DDDD50F0E /* Pods-YLSwiftTest.release.xcconfig */ = {isa = PBXFileReference; includeInIndex = 1; lastKnownFileType = text.xcconfig; name = "Pods-YLSwiftTest.release.xcconfig"; path = "Target Support Files/Pods-YLSwiftTest/Pods-YLSwiftTest.release.xcconfig"; sourceTree = "<group>"; };
		111BABDA232F2A4C0011C710 /* Music.swift */ = {isa = PBXFileReference; lastKnownFileType = sourcecode.swift; path = Music.swift; sourceTree = "<group>"; };
		111BABDC232F2B340011C710 /* MusicListViewModel.swift */ = {isa = PBXFileReference; lastKnownFileType = sourcecode.swift; path = MusicListViewModel.swift; sourceTree = "<group>"; };
		111BABDF232F2D580011C710 /* YLConstant.swift */ = {isa = PBXFileReference; lastKnownFileType = sourcecode.swift; path = YLConstant.swift; sourceTree = "<group>"; };
		111BABE2232F2DF90011C710 /* LanguageUtil.swift */ = {isa = PBXFileReference; lastKnownFileType = sourcecode.swift; path = LanguageUtil.swift; sourceTree = "<group>"; };
		111BABE5232F38E90011C710 /* ShowInfoTableViewCell.swift */ = {isa = PBXFileReference; lastKnownFileType = sourcecode.swift; path = ShowInfoTableViewCell.swift; sourceTree = "<group>"; };
		111BABE7232F67F80011C710 /* UILabelViewController.swift */ = {isa = PBXFileReference; lastKnownFileType = sourcecode.swift; path = UILabelViewController.swift; sourceTree = "<group>"; };
		111BABEB232F6CCF0011C710 /* UITextFieldViewController.swift */ = {isa = PBXFileReference; lastKnownFileType = sourcecode.swift; path = UITextFieldViewController.swift; sourceTree = "<group>"; };
		111BABED233A0BD40011C710 /* UIResponder+Extension.swift */ = {isa = PBXFileReference; lastKnownFileType = sourcecode.swift; path = "UIResponder+Extension.swift"; sourceTree = "<group>"; };
		111E64AF233B572E00BE3ECD /* FileManagerUtil.swift */ = {isa = PBXFileReference; lastKnownFileType = sourcecode.swift; path = FileManagerUtil.swift; sourceTree = "<group>"; };
		111E64B1233C8CEC00BE3ECD /* UserDefUtils.swift */ = {isa = PBXFileReference; lastKnownFileType = sourcecode.swift; path = UserDefUtils.swift; sourceTree = "<group>"; };
		111E64B3233C91DE00BE3ECD /* YLSwiftTest-Bridging-Header.h */ = {isa = PBXFileReference; lastKnownFileType = sourcecode.c.h; path = "YLSwiftTest-Bridging-Header.h"; sourceTree = "<group>"; };
		111E64B7233C932500BE3ECD /* YLUMengHelper.swift */ = {isa = PBXFileReference; lastKnownFileType = sourcecode.swift; path = YLUMengHelper.swift; sourceTree = "<group>"; };
		111E64BD233CA0C200BE3ECD /* Localizable.strings */ = {isa = PBXFileReference; fileEncoding = 4; lastKnownFileType = text.plist.strings; path = Localizable.strings; sourceTree = "<group>"; };
		111E64BE233CA0C200BE3ECD /* InfoPlist.strings */ = {isa = PBXFileReference; fileEncoding = 4; lastKnownFileType = text.plist.strings; path = InfoPlist.strings; sourceTree = "<group>"; };
		111E64C1233CA19A00BE3ECD /* YLIFlyHelper.swift */ = {isa = PBXFileReference; lastKnownFileType = sourcecode.swift; path = YLIFlyHelper.swift; sourceTree = "<group>"; };
		111E64C4233CA26C00BE3ECD /* iflyMSC.framework */ = {isa = PBXFileReference; lastKnownFileType = wrapper.framework; path = iflyMSC.framework; sourceTree = "<group>"; };
		111E64C6233CA2F000BE3ECD /* libc++.tbd */ = {isa = PBXFileReference; lastKnownFileType = "sourcecode.text-based-dylib-definition"; name = "libc++.tbd"; path = "usr/lib/libc++.tbd"; sourceTree = SDKROOT; };
		111E64C8233CA33500BE3ECD /* libstdc++.6.0.9.tbd */ = {isa = PBXFileReference; lastKnownFileType = "sourcecode.text-based-dylib-definition"; name = "libstdc++.6.0.9.tbd"; path = "usr/lib/libstdc++.6.0.9.tbd"; sourceTree = SDKROOT; };
		111E64CA233CA34400BE3ECD /* libz.tbd */ = {isa = PBXFileReference; lastKnownFileType = "sourcecode.text-based-dylib-definition"; name = libz.tbd; path = usr/lib/libz.tbd; sourceTree = SDKROOT; };
		111E64CC233CA35200BE3ECD /* libbz2.tbd */ = {isa = PBXFileReference; lastKnownFileType = "sourcecode.text-based-dylib-definition"; name = libbz2.tbd; path = usr/lib/libbz2.tbd; sourceTree = SDKROOT; };
		111E64CE233CA35D00BE3ECD /* AudioToolbox.framework */ = {isa = PBXFileReference; lastKnownFileType = wrapper.framework; name = AudioToolbox.framework; path = System/Library/Frameworks/AudioToolbox.framework; sourceTree = SDKROOT; };
		111E64D0233CA36300BE3ECD /* AVFoundation.framework */ = {isa = PBXFileReference; lastKnownFileType = wrapper.framework; name = AVFoundation.framework; path = System/Library/Frameworks/AVFoundation.framework; sourceTree = SDKROOT; };
		111E64D2233CA36F00BE3ECD /* CoreGraphics.framework */ = {isa = PBXFileReference; lastKnownFileType = wrapper.framework; name = CoreGraphics.framework; path = System/Library/Frameworks/CoreGraphics.framework; sourceTree = SDKROOT; };
		111E64D4233CA37D00BE3ECD /* CoreVideo.framework */ = {isa = PBXFileReference; lastKnownFileType = wrapper.framework; name = CoreVideo.framework; path = System/Library/Frameworks/CoreVideo.framework; sourceTree = SDKROOT; };
		111E64D6233CA38900BE3ECD /* MediaPlayer.framework */ = {isa = PBXFileReference; lastKnownFileType = wrapper.framework; name = MediaPlayer.framework; path = System/Library/Frameworks/MediaPlayer.framework; sourceTree = SDKROOT; };
		111E64D8233CA39300BE3ECD /* MobileCoreServices.framework */ = {isa = PBXFileReference; lastKnownFileType = wrapper.framework; name = MobileCoreServices.framework; path = System/Library/Frameworks/MobileCoreServices.framework; sourceTree = SDKROOT; };
		111E64DA233CA39D00BE3ECD /* OpenGLES.framework */ = {isa = PBXFileReference; lastKnownFileType = wrapper.framework; name = OpenGLES.framework; path = System/Library/Frameworks/OpenGLES.framework; sourceTree = SDKROOT; };
		111E64DC233CA3A600BE3ECD /* QuartzCore.framework */ = {isa = PBXFileReference; lastKnownFileType = wrapper.framework; name = QuartzCore.framework; path = System/Library/Frameworks/QuartzCore.framework; sourceTree = SDKROOT; };
		111E64DE233CA3B000BE3ECD /* VideoToolbox.framework */ = {isa = PBXFileReference; lastKnownFileType = wrapper.framework; name = VideoToolbox.framework; path = System/Library/Frameworks/VideoToolbox.framework; sourceTree = SDKROOT; };
		111E64E0233CA3C000BE3ECD /* libiconv.tbd */ = {isa = PBXFileReference; lastKnownFileType = "sourcecode.text-based-dylib-definition"; name = libiconv.tbd; path = usr/lib/libiconv.tbd; sourceTree = SDKROOT; };
		111E64E2233CA3DA00BE3ECD /* AddressBook.framework */ = {isa = PBXFileReference; lastKnownFileType = wrapper.framework; name = AddressBook.framework; path = System/Library/Frameworks/AddressBook.framework; sourceTree = SDKROOT; };
		111E64E4233CA3EF00BE3ECD /* Contacts.framework */ = {isa = PBXFileReference; lastKnownFileType = wrapper.framework; name = Contacts.framework; path = System/Library/Frameworks/Contacts.framework; sourceTree = SDKROOT; };
		111E64E6233CA40100BE3ECD /* CoreLocation.framework */ = {isa = PBXFileReference; lastKnownFileType = wrapper.framework; name = CoreLocation.framework; path = System/Library/Frameworks/CoreLocation.framework; sourceTree = SDKROOT; };
		111E64E8233CA40A00BE3ECD /* UIKit.framework */ = {isa = PBXFileReference; lastKnownFileType = wrapper.framework; name = UIKit.framework; path = System/Library/Frameworks/UIKit.framework; sourceTree = SDKROOT; };
		111E64EA233CA41100BE3ECD /* Foundation.framework */ = {isa = PBXFileReference; lastKnownFileType = wrapper.framework; name = Foundation.framework; path = System/Library/Frameworks/Foundation.framework; sourceTree = SDKROOT; };
		111E64EC233CA41E00BE3ECD /* SystemConfiguration.framework */ = {isa = PBXFileReference; lastKnownFileType = wrapper.framework; name = SystemConfiguration.framework; path = System/Library/Frameworks/SystemConfiguration.framework; sourceTree = SDKROOT; };
		111E64EE233CA42800BE3ECD /* CoreTelephony.framework */ = {isa = PBXFileReference; lastKnownFileType = wrapper.framework; name = CoreTelephony.framework; path = System/Library/Frameworks/CoreTelephony.framework; sourceTree = SDKROOT; };
		112262432328CEB7007CE3A6 /* YLSwiftTest.app */ = {isa = PBXFileReference; explicitFileType = wrapper.application; includeInIndex = 0; path = YLSwiftTest.app; sourceTree = BUILT_PRODUCTS_DIR; };
		112262462328CEB7007CE3A6 /* AppDelegate.swift */ = {isa = PBXFileReference; lastKnownFileType = sourcecode.swift; path = AppDelegate.swift; sourceTree = "<group>"; };
		112262482328CEB7007CE3A6 /* ViewController.swift */ = {isa = PBXFileReference; lastKnownFileType = sourcecode.swift; path = ViewController.swift; sourceTree = "<group>"; };
		1122624D2328CEB8007CE3A6 /* Assets.xcassets */ = {isa = PBXFileReference; lastKnownFileType = folder.assetcatalog; path = Assets.xcassets; sourceTree = "<group>"; };
		112262522328CEB8007CE3A6 /* Info.plist */ = {isa = PBXFileReference; lastKnownFileType = text.plist.xml; path = Info.plist; sourceTree = "<group>"; };
		1169D8052329F23F0022C00E /* UIImageView+Extension.swift */ = {isa = PBXFileReference; fileEncoding = 4; lastKnownFileType = sourcecode.swift; path = "UIImageView+Extension.swift"; sourceTree = "<group>"; };
		1169D8062329F23F0022C00E /* UIColor+Extension.swift */ = {isa = PBXFileReference; fileEncoding = 4; lastKnownFileType = sourcecode.swift; path = "UIColor+Extension.swift"; sourceTree = "<group>"; };
		1169D8072329F23F0022C00E /* Date+Extension.swift */ = {isa = PBXFileReference; fileEncoding = 4; lastKnownFileType = sourcecode.swift; path = "Date+Extension.swift"; sourceTree = "<group>"; };
		1169D8082329F23F0022C00E /* UIView+Extension.swift */ = {isa = PBXFileReference; fileEncoding = 4; lastKnownFileType = sourcecode.swift; path = "UIView+Extension.swift"; sourceTree = "<group>"; };
		1169D8092329F23F0022C00E /* UIImage+Extension.swift */ = {isa = PBXFileReference; fileEncoding = 4; lastKnownFileType = sourcecode.swift; path = "UIImage+Extension.swift"; sourceTree = "<group>"; };
		1169D80A2329F23F0022C00E /* YLMumViewController.swift */ = {isa = PBXFileReference; fileEncoding = 4; lastKnownFileType = sourcecode.swift; path = YLMumViewController.swift; sourceTree = "<group>"; };
		1169D80B2329F23F0022C00E /* UIButton + Extension.swift */ = {isa = PBXFileReference; fileEncoding = 4; lastKnownFileType = sourcecode.swift; path = "UIButton + Extension.swift"; sourceTree = "<group>"; };
		1169D80C2329F23F0022C00E /* String+Extension.swift */ = {isa = PBXFileReference; fileEncoding = 4; lastKnownFileType = sourcecode.swift; path = "String+Extension.swift"; sourceTree = "<group>"; };
		1169D80D2329F23F0022C00E /* YLNavigationController.swift */ = {isa = PBXFileReference; fileEncoding = 4; lastKnownFileType = sourcecode.swift; path = YLNavigationController.swift; sourceTree = "<group>"; };
		1169D80E2329F23F0022C00E /* Timer+Extension.swift */ = {isa = PBXFileReference; fileEncoding = 4; lastKnownFileType = sourcecode.swift; path = "Timer+Extension.swift"; sourceTree = "<group>"; };
		1169D80F2329F23F0022C00E /* Dictionary+Extension.swift */ = {isa = PBXFileReference; fileEncoding = 4; lastKnownFileType = sourcecode.swift; path = "Dictionary+Extension.swift"; sourceTree = "<group>"; };
		1169D8102329F23F0022C00E /* Device.swift */ = {isa = PBXFileReference; fileEncoding = 4; lastKnownFileType = sourcecode.swift; path = Device.swift; sourceTree = "<group>"; };
		1169D8112329F23F0022C00E /* CGSize+Extension.swift */ = {isa = PBXFileReference; fileEncoding = 4; lastKnownFileType = sourcecode.swift; path = "CGSize+Extension.swift"; sourceTree = "<group>"; };
		1169D8122329F23F0022C00E /* YLMainTabbarViewController.swift */ = {isa = PBXFileReference; fileEncoding = 4; lastKnownFileType = sourcecode.swift; path = YLMainTabbarViewController.swift; sourceTree = "<group>"; };
		1169D8132329F23F0022C00E /* Array+Extension .swift */ = {isa = PBXFileReference; fileEncoding = 4; lastKnownFileType = sourcecode.swift; path = "Array+Extension .swift"; sourceTree = "<group>"; };
		1169D8142329F23F0022C00E /* UILable+Extension.swift */ = {isa = PBXFileReference; fileEncoding = 4; lastKnownFileType = sourcecode.swift; path = "UILable+Extension.swift"; sourceTree = "<group>"; };
		116B9218233DF1520069AEAC /* DatePickerView.swift */ = {isa = PBXFileReference; lastKnownFileType = sourcecode.swift; path = DatePickerView.swift; sourceTree = "<group>"; };
		52099E6CB9EB1298C9844324 /* Pods_YLSwiftTest.framework */ = {isa = PBXFileReference; explicitFileType = wrapper.framework; includeInIndex = 0; path = Pods_YLSwiftTest.framework; sourceTree = BUILT_PRODUCTS_DIR; };
		7AA59A3D00E6CDF44F0C1D5E /* Pods-YLSwiftTest.debug.xcconfig */ = {isa = PBXFileReference; includeInIndex = 1; lastKnownFileType = text.xcconfig; name = "Pods-YLSwiftTest.debug.xcconfig"; path = "Target Support Files/Pods-YLSwiftTest/Pods-YLSwiftTest.debug.xcconfig"; sourceTree = "<group>"; };
/* End PBXFileReference section */

/* Begin PBXFrameworksBuildPhase section */
		112262402328CEB7007CE3A6 /* Frameworks */ = {
			isa = PBXFrameworksBuildPhase;
			buildActionMask = 2147483647;
			files = (
				111E64EF233CA42800BE3ECD /* CoreTelephony.framework in Frameworks */,
				111E64ED233CA41E00BE3ECD /* SystemConfiguration.framework in Frameworks */,
				111E64EB233CA41100BE3ECD /* Foundation.framework in Frameworks */,
				111E64E9233CA40A00BE3ECD /* UIKit.framework in Frameworks */,
				111E64E7233CA40100BE3ECD /* CoreLocation.framework in Frameworks */,
				111E64E5233CA3EF00BE3ECD /* Contacts.framework in Frameworks */,
				111E64E3233CA3DA00BE3ECD /* AddressBook.framework in Frameworks */,
				111E64E1233CA3C000BE3ECD /* libiconv.tbd in Frameworks */,
				111E64DF233CA3B000BE3ECD /* VideoToolbox.framework in Frameworks */,
				111E64DD233CA3A600BE3ECD /* QuartzCore.framework in Frameworks */,
				111E64DB233CA39D00BE3ECD /* OpenGLES.framework in Frameworks */,
				111E64D9233CA39300BE3ECD /* MobileCoreServices.framework in Frameworks */,
				111E64D7233CA38900BE3ECD /* MediaPlayer.framework in Frameworks */,
				111E64D5233CA37D00BE3ECD /* CoreVideo.framework in Frameworks */,
				111E64D3233CA36F00BE3ECD /* CoreGraphics.framework in Frameworks */,
				111E64D1233CA36300BE3ECD /* AVFoundation.framework in Frameworks */,
				111E64CF233CA35D00BE3ECD /* AudioToolbox.framework in Frameworks */,
				111E64CD233CA35200BE3ECD /* libbz2.tbd in Frameworks */,
				111E64CB233CA34400BE3ECD /* libz.tbd in Frameworks */,
				111E64C9233CA33500BE3ECD /* libstdc++.6.0.9.tbd in Frameworks */,
				111E64C7233CA2F100BE3ECD /* libc++.tbd in Frameworks */,
				111E64C5233CA26C00BE3ECD /* iflyMSC.framework in Frameworks */,
				8841204FBC47F4F9CD0230DB /* Pods_YLSwiftTest.framework in Frameworks */,
			);
			runOnlyForDeploymentPostprocessing = 0;
		};
/* End PBXFrameworksBuildPhase section */

/* Begin PBXGroup section */
		111BABE1232F2DDC0011C710 /* Utils */ = {
			isa = PBXGroup;
			children = (
				111BABE2232F2DF90011C710 /* LanguageUtil.swift */,
				111E64AF233B572E00BE3ECD /* FileManagerUtil.swift */,
				111E64B1233C8CEC00BE3ECD /* UserDefUtils.swift */,
				111E64B7233C932500BE3ECD /* YLUMengHelper.swift */,
				111E64C1233CA19A00BE3ECD /* YLIFlyHelper.swift */,
			);
			path = Utils;
			sourceTree = "<group>";
		};
		111E64AB233B15AC00BE3ECD /* Code */ = {
			isa = PBXGroup;
			children = (
				116B9217233DF1240069AEAC /* CustomView */,
				111E64C3233CA1EA00BE3ECD /* Vender */,
				111E64AC233B4B7200BE3ECD /* BaseMain */,
				111BABE1232F2DDC0011C710 /* Utils */,
				1169D8042329F23F0022C00E /* Extension */,
			);
			path = Code;
			sourceTree = "<group>";
		};
		111E64AC233B4B7200BE3ECD /* BaseMain */ = {
			isa = PBXGroup;
			children = (
				111BABDF232F2D580011C710 /* YLConstant.swift */,
				112262462328CEB7007CE3A6 /* AppDelegate.swift */,
				111E64B3233C91DE00BE3ECD /* YLSwiftTest-Bridging-Header.h */,
			);
			path = BaseMain;
			sourceTree = "<group>";
		};
		111E64B9233C9F4C00BE3ECD /* Resources */ = {
			isa = PBXGroup;
			children = (
				1122624D2328CEB8007CE3A6 /* Assets.xcassets */,
			);
			path = Resources;
			sourceTree = "<group>";
		};
		111E64BA233C9F7100BE3ECD /* Supporting File */ = {
			isa = PBXGroup;
			children = (
				111E64BE233CA0C200BE3ECD /* InfoPlist.strings */,
				111E64BD233CA0C200BE3ECD /* Localizable.strings */,
				112262522328CEB8007CE3A6 /* Info.plist */,
			);
			path = "Supporting File";
			sourceTree = "<group>";
		};
		111E64C3233CA1EA00BE3ECD /* Vender */ = {
			isa = PBXGroup;
			children = (
				111E64C4233CA26C00BE3ECD /* iflyMSC.framework */,
			);
			path = Vender;
			sourceTree = "<group>";
		};
		1122623A2328CEB7007CE3A6 = {
			isa = PBXGroup;
			children = (
				112262452328CEB7007CE3A6 /* YLSwiftTest */,
				112262442328CEB7007CE3A6 /* Products */,
				CC8CD6527EB0D1BD69F56018 /* Pods */,
				C0F8C85C42DD697BBB95E3BB /* Frameworks */,
			);
			sourceTree = "<group>";
		};
		112262442328CEB7007CE3A6 /* Products */ = {
			isa = PBXGroup;
			children = (
				112262432328CEB7007CE3A6 /* YLSwiftTest.app */,
			);
			name = Products;
			sourceTree = "<group>";
		};
		112262452328CEB7007CE3A6 /* YLSwiftTest */ = {
			isa = PBXGroup;
			children = (
				111E64BA233C9F7100BE3ECD /* Supporting File */,
				111E64B9233C9F4C00BE3ECD /* Resources */,
				111E64AB233B15AC00BE3ECD /* Code */,
				112262482328CEB7007CE3A6 /* ViewController.swift */,
				111BABDA232F2A4C0011C710 /* Music.swift */,
				111BABDC232F2B340011C710 /* MusicListViewModel.swift */,
				111BABE5232F38E90011C710 /* ShowInfoTableViewCell.swift */,
				111BABE7232F67F80011C710 /* UILabelViewController.swift */,
				111BABEB232F6CCF0011C710 /* UITextFieldViewController.swift */,
			);
			path = YLSwiftTest;
			sourceTree = "<group>";
		};
		1169D8042329F23F0022C00E /* Extension */ = {
			isa = PBXGroup;
			children = (
				1169D8052329F23F0022C00E /* UIImageView+Extension.swift */,
				1169D8062329F23F0022C00E /* UIColor+Extension.swift */,
				1169D8072329F23F0022C00E /* Date+Extension.swift */,
				1169D8082329F23F0022C00E /* UIView+Extension.swift */,
				1169D8092329F23F0022C00E /* UIImage+Extension.swift */,
				1169D80A2329F23F0022C00E /* YLMumViewController.swift */,
				1169D80B2329F23F0022C00E /* UIButton + Extension.swift */,
				1169D80C2329F23F0022C00E /* String+Extension.swift */,
				1169D80D2329F23F0022C00E /* YLNavigationController.swift */,
				1169D80E2329F23F0022C00E /* Timer+Extension.swift */,
				1169D80F2329F23F0022C00E /* Dictionary+Extension.swift */,
				1169D8102329F23F0022C00E /* Device.swift */,
				1169D8112329F23F0022C00E /* CGSize+Extension.swift */,
				1169D8122329F23F0022C00E /* YLMainTabbarViewController.swift */,
				1169D8132329F23F0022C00E /* Array+Extension .swift */,
				1169D8142329F23F0022C00E /* UILable+Extension.swift */,
				111BABED233A0BD40011C710 /* UIResponder+Extension.swift */,
			);
			path = Extension;
			sourceTree = "<group>";
		};
		116B9217233DF1240069AEAC /* CustomView */ = {
			isa = PBXGroup;
			children = (
				116B9218233DF1520069AEAC /* DatePickerView.swift */,
			);
			path = CustomView;
			sourceTree = "<group>";
		};
		C0F8C85C42DD697BBB95E3BB /* Frameworks */ = {
			isa = PBXGroup;
			children = (
				111E64EE233CA42800BE3ECD /* CoreTelephony.framework */,
				111E64EC233CA41E00BE3ECD /* SystemConfiguration.framework */,
				111E64EA233CA41100BE3ECD /* Foundation.framework */,
				111E64E8233CA40A00BE3ECD /* UIKit.framework */,
				111E64E6233CA40100BE3ECD /* CoreLocation.framework */,
				111E64E4233CA3EF00BE3ECD /* Contacts.framework */,
				111E64E2233CA3DA00BE3ECD /* AddressBook.framework */,
				111E64E0233CA3C000BE3ECD /* libiconv.tbd */,
				111E64DE233CA3B000BE3ECD /* VideoToolbox.framework */,
				111E64DC233CA3A600BE3ECD /* QuartzCore.framework */,
				111E64DA233CA39D00BE3ECD /* OpenGLES.framework */,
				111E64D8233CA39300BE3ECD /* MobileCoreServices.framework */,
				111E64D6233CA38900BE3ECD /* MediaPlayer.framework */,
				111E64D4233CA37D00BE3ECD /* CoreVideo.framework */,
				111E64D2233CA36F00BE3ECD /* CoreGraphics.framework */,
				111E64D0233CA36300BE3ECD /* AVFoundation.framework */,
				111E64CE233CA35D00BE3ECD /* AudioToolbox.framework */,
				111E64CC233CA35200BE3ECD /* libbz2.tbd */,
				111E64CA233CA34400BE3ECD /* libz.tbd */,
				111E64C8233CA33500BE3ECD /* libstdc++.6.0.9.tbd */,
				111E64C6233CA2F000BE3ECD /* libc++.tbd */,
				52099E6CB9EB1298C9844324 /* Pods_YLSwiftTest.framework */,
			);
			name = Frameworks;
			sourceTree = "<group>";
		};
		CC8CD6527EB0D1BD69F56018 /* Pods */ = {
			isa = PBXGroup;
			children = (
				7AA59A3D00E6CDF44F0C1D5E /* Pods-YLSwiftTest.debug.xcconfig */,
				0B7308C87586667DDDD50F0E /* Pods-YLSwiftTest.release.xcconfig */,
			);
			path = Pods;
			sourceTree = "<group>";
		};
/* End PBXGroup section */

/* Begin PBXNativeTarget section */
		112262422328CEB7007CE3A6 /* YLSwiftTest */ = {
			isa = PBXNativeTarget;
			buildConfigurationList = 112262552328CEB8007CE3A6 /* Build configuration list for PBXNativeTarget "YLSwiftTest" */;
			buildPhases = (
				9DC9A02ECB7BB95BDB702718 /* [CP] Check Pods Manifest.lock */,
				1122623F2328CEB7007CE3A6 /* Sources */,
				112262402328CEB7007CE3A6 /* Frameworks */,
				112262412328CEB7007CE3A6 /* Resources */,
				56FCDDA9880FAF35274836AB /* [CP] Embed Pods Frameworks */,
				26257C4497FF1FE39B809671 /* [CP] Copy Pods Resources */,
			);
			buildRules = (
			);
			dependencies = (
			);
			name = YLSwiftTest;
			productName = YLSwiftTest;
			productReference = 112262432328CEB7007CE3A6 /* YLSwiftTest.app */;
			productType = "com.apple.product-type.application";
		};
/* End PBXNativeTarget section */

/* Begin PBXProject section */
		1122623B2328CEB7007CE3A6 /* Project object */ = {
			isa = PBXProject;
			attributes = {
				LastSwiftUpdateCheck = 1020;
				LastUpgradeCheck = 1020;
				ORGANIZATIONNAME = hoggen.com;
				TargetAttributes = {
					112262422328CEB7007CE3A6 = {
						CreatedOnToolsVersion = 10.2.1;
						LastSwiftMigration = 1020;
					};
				};
			};
			buildConfigurationList = 1122623E2328CEB7007CE3A6 /* Build configuration list for PBXProject "YLSwiftTest" */;
			compatibilityVersion = "Xcode 9.3";
			developmentRegion = en;
			hasScannedForEncodings = 0;
			knownRegions = (
				en,
				Base,
			);
			mainGroup = 1122623A2328CEB7007CE3A6;
			productRefGroup = 112262442328CEB7007CE3A6 /* Products */;
			projectDirPath = "";
			projectRoot = "";
			targets = (
				112262422328CEB7007CE3A6 /* YLSwiftTest */,
			);
		};
/* End PBXProject section */

/* Begin PBXResourcesBuildPhase section */
		112262412328CEB7007CE3A6 /* Resources */ = {
			isa = PBXResourcesBuildPhase;
			buildActionMask = 2147483647;
			files = (
				1122624E2328CEB8007CE3A6 /* Assets.xcassets in Resources */,
				111E64C0233CA0C200BE3ECD /* InfoPlist.strings in Resources */,
				111E64BF233CA0C200BE3ECD /* Localizable.strings in Resources */,
			);
			runOnlyForDeploymentPostprocessing = 0;
		};
/* End PBXResourcesBuildPhase section */

/* Begin PBXShellScriptBuildPhase section */
		26257C4497FF1FE39B809671 /* [CP] Copy Pods Resources */ = {
			isa = PBXShellScriptBuildPhase;
			buildActionMask = 2147483647;
			files = (
			);
			inputFileListPaths = (
				"${PODS_ROOT}/Target Support Files/Pods-YLSwiftTest/Pods-YLSwiftTest-resources-${CONFIGURATION}-input-files.xcfilelist",
			);
			name = "[CP] Copy Pods Resources";
			outputFileListPaths = (
				"${PODS_ROOT}/Target Support Files/Pods-YLSwiftTest/Pods-YLSwiftTest-resources-${CONFIGURATION}-output-files.xcfilelist",
			);
			runOnlyForDeploymentPostprocessing = 0;
			shellPath = /bin/sh;
			shellScript = "\"${PODS_ROOT}/Target Support Files/Pods-YLSwiftTest/Pods-YLSwiftTest-resources.sh\"\n";
			showEnvVarsInLog = 0;
		};
		56FCDDA9880FAF35274836AB /* [CP] Embed Pods Frameworks */ = {
			isa = PBXShellScriptBuildPhase;
			buildActionMask = 2147483647;
			files = (
			);
			inputFileListPaths = (
				"${PODS_ROOT}/Target Support Files/Pods-YLSwiftTest/Pods-YLSwiftTest-frameworks-${CONFIGURATION}-input-files.xcfilelist",
			);
			name = "[CP] Embed Pods Frameworks";
			outputFileListPaths = (
				"${PODS_ROOT}/Target Support Files/Pods-YLSwiftTest/Pods-YLSwiftTest-frameworks-${CONFIGURATION}-output-files.xcfilelist",
			);
			runOnlyForDeploymentPostprocessing = 0;
			shellPath = /bin/sh;
			shellScript = "\"${PODS_ROOT}/Target Support Files/Pods-YLSwiftTest/Pods-YLSwiftTest-frameworks.sh\"\n";
			showEnvVarsInLog = 0;
		};
		9DC9A02ECB7BB95BDB702718 /* [CP] Check Pods Manifest.lock */ = {
			isa = PBXShellScriptBuildPhase;
			buildActionMask = 2147483647;
			files = (
			);
			inputFileListPaths = (
			);
			inputPaths = (
				"${PODS_PODFILE_DIR_PATH}/Podfile.lock",
				"${PODS_ROOT}/Manifest.lock",
			);
			name = "[CP] Check Pods Manifest.lock";
			outputFileListPaths = (
			);
			outputPaths = (
				"$(DERIVED_FILE_DIR)/Pods-YLSwiftTest-checkManifestLockResult.txt",
			);
			runOnlyForDeploymentPostprocessing = 0;
			shellPath = /bin/sh;
			shellScript = "diff \"${PODS_PODFILE_DIR_PATH}/Podfile.lock\" \"${PODS_ROOT}/Manifest.lock\" > /dev/null\nif [ $? != 0 ] ; then\n    # print error to STDERR\n    echo \"error: The sandbox is not in sync with the Podfile.lock. Run 'pod install' or update your CocoaPods installation.\" >&2\n    exit 1\nfi\n# This output is used by Xcode 'outputs' to avoid re-running this script phase.\necho \"SUCCESS\" > \"${SCRIPT_OUTPUT_FILE_0}\"\n";
			showEnvVarsInLog = 0;
		};
/* End PBXShellScriptBuildPhase section */

/* Begin PBXSourcesBuildPhase section */
		1122623F2328CEB7007CE3A6 /* Sources */ = {
			isa = PBXSourcesBuildPhase;
			buildActionMask = 2147483647;
			files = (
				111E64C2233CA19A00BE3ECD /* YLIFlyHelper.swift in Sources */,
				1169D8222329F23F0022C00E /* YLMainTabbarViewController.swift in Sources */,
				1169D8182329F23F0022C00E /* UIView+Extension.swift in Sources */,
				116B9219233DF1520069AEAC /* DatePickerView.swift in Sources */,
				1169D8192329F23F0022C00E /* UIImage+Extension.swift in Sources */,
				1169D8172329F23F0022C00E /* Date+Extension.swift in Sources */,
				111BABDD232F2B340011C710 /* MusicListViewModel.swift in Sources */,
				1169D8242329F23F0022C00E /* UILable+Extension.swift in Sources */,
				1169D8232329F23F0022C00E /* Array+Extension .swift in Sources */,
				1169D8152329F23F0022C00E /* UIImageView+Extension.swift in Sources */,
				111BABEE233A0BD40011C710 /* UIResponder+Extension.swift in Sources */,
				1169D81F2329F23F0022C00E /* Dictionary+Extension.swift in Sources */,
				111BABDB232F2A4C0011C710 /* Music.swift in Sources */,
				1169D8202329F23F0022C00E /* Device.swift in Sources */,
				111E64B8233C932500BE3ECD /* YLUMengHelper.swift in Sources */,
				111BABE8232F67F80011C710 /* UILabelViewController.swift in Sources */,
				111E64B0233B572E00BE3ECD /* FileManagerUtil.swift in Sources */,
				111BABEC232F6CCF0011C710 /* UITextFieldViewController.swift in Sources */,
				111BABE6232F38E90011C710 /* ShowInfoTableViewCell.swift in Sources */,
				112262492328CEB7007CE3A6 /* ViewController.swift in Sources */,
				1169D81E2329F23F0022C00E /* Timer+Extension.swift in Sources */,
				1169D81B2329F23F0022C00E /* UIButton + Extension.swift in Sources */,
				111BABE0232F2D580011C710 /* YLConstant.swift in Sources */,
				111E64B2233C8CEC00BE3ECD /* UserDefUtils.swift in Sources */,
				111BABE3232F2DF90011C710 /* LanguageUtil.swift in Sources */,
				112262472328CEB7007CE3A6 /* AppDelegate.swift in Sources */,
				1169D8162329F23F0022C00E /* UIColor+Extension.swift in Sources */,
				1169D8212329F23F0022C00E /* CGSize+Extension.swift in Sources */,
				1169D81C2329F23F0022C00E /* String+Extension.swift in Sources */,
				1169D81A2329F23F0022C00E /* YLMumViewController.swift in Sources */,
				1169D81D2329F23F0022C00E /* YLNavigationController.swift in Sources */,
			);
			runOnlyForDeploymentPostprocessing = 0;
		};
/* End PBXSourcesBuildPhase section */

/* Begin XCBuildConfiguration section */
		112262532328CEB8007CE3A6 /* Debug */ = {
			isa = XCBuildConfiguration;
			buildSettings = {
				ALWAYS_SEARCH_USER_PATHS = NO;
				CLANG_ANALYZER_NONNULL = YES;
				CLANG_ANALYZER_NUMBER_OBJECT_CONVERSION = YES_AGGRESSIVE;
				CLANG_CXX_LANGUAGE_STANDARD = "gnu++14";
				CLANG_CXX_LIBRARY = "libc++";
				CLANG_ENABLE_MODULES = YES;
				CLANG_ENABLE_OBJC_ARC = YES;
				CLANG_ENABLE_OBJC_WEAK = YES;
				CLANG_WARN_BLOCK_CAPTURE_AUTORELEASING = YES;
				CLANG_WARN_BOOL_CONVERSION = YES;
				CLANG_WARN_COMMA = YES;
				CLANG_WARN_CONSTANT_CONVERSION = YES;
				CLANG_WARN_DEPRECATED_OBJC_IMPLEMENTATIONS = YES;
				CLANG_WARN_DIRECT_OBJC_ISA_USAGE = YES_ERROR;
				CLANG_WARN_DOCUMENTATION_COMMENTS = YES;
				CLANG_WARN_EMPTY_BODY = YES;
				CLANG_WARN_ENUM_CONVERSION = YES;
				CLANG_WARN_INFINITE_RECURSION = YES;
				CLANG_WARN_INT_CONVERSION = YES;
				CLANG_WARN_NON_LITERAL_NULL_CONVERSION = YES;
				CLANG_WARN_OBJC_IMPLICIT_RETAIN_SELF = YES;
				CLANG_WARN_OBJC_LITERAL_CONVERSION = YES;
				CLANG_WARN_OBJC_ROOT_CLASS = YES_ERROR;
				CLANG_WARN_RANGE_LOOP_ANALYSIS = YES;
				CLANG_WARN_STRICT_PROTOTYPES = YES;
				CLANG_WARN_SUSPICIOUS_MOVE = YES;
				CLANG_WARN_UNGUARDED_AVAILABILITY = YES_AGGRESSIVE;
				CLANG_WARN_UNREACHABLE_CODE = YES;
				CLANG_WARN__DUPLICATE_METHOD_MATCH = YES;
				CODE_SIGN_IDENTITY = "iPhone Developer";
				COPY_PHASE_STRIP = NO;
				DEBUG_INFORMATION_FORMAT = dwarf;
				ENABLE_STRICT_OBJC_MSGSEND = YES;
				ENABLE_TESTABILITY = YES;
				GCC_C_LANGUAGE_STANDARD = gnu11;
				GCC_DYNAMIC_NO_PIC = NO;
				GCC_NO_COMMON_BLOCKS = YES;
				GCC_OPTIMIZATION_LEVEL = 0;
				GCC_PREPROCESSOR_DEFINITIONS = (
					"DEBUG=1",
					"$(inherited)",
				);
				GCC_WARN_64_TO_32_BIT_CONVERSION = YES;
				GCC_WARN_ABOUT_RETURN_TYPE = YES_ERROR;
				GCC_WARN_UNDECLARED_SELECTOR = YES;
				GCC_WARN_UNINITIALIZED_AUTOS = YES_AGGRESSIVE;
				GCC_WARN_UNUSED_FUNCTION = YES;
				GCC_WARN_UNUSED_VARIABLE = YES;
				IPHONEOS_DEPLOYMENT_TARGET = 12.2;
				MTL_ENABLE_DEBUG_INFO = INCLUDE_SOURCE;
				MTL_FAST_MATH = YES;
				ONLY_ACTIVE_ARCH = YES;
				SDKROOT = iphoneos;
				SWIFT_ACTIVE_COMPILATION_CONDITIONS = DEBUG;
				SWIFT_OPTIMIZATION_LEVEL = "-Onone";
			};
			name = Debug;
		};
		112262542328CEB8007CE3A6 /* Release */ = {
			isa = XCBuildConfiguration;
			buildSettings = {
				ALWAYS_SEARCH_USER_PATHS = NO;
				CLANG_ANALYZER_NONNULL = YES;
				CLANG_ANALYZER_NUMBER_OBJECT_CONVERSION = YES_AGGRESSIVE;
				CLANG_CXX_LANGUAGE_STANDARD = "gnu++14";
				CLANG_CXX_LIBRARY = "libc++";
				CLANG_ENABLE_MODULES = YES;
				CLANG_ENABLE_OBJC_ARC = YES;
				CLANG_ENABLE_OBJC_WEAK = YES;
				CLANG_WARN_BLOCK_CAPTURE_AUTORELEASING = YES;
				CLANG_WARN_BOOL_CONVERSION = YES;
				CLANG_WARN_COMMA = YES;
				CLANG_WARN_CONSTANT_CONVERSION = YES;
				CLANG_WARN_DEPRECATED_OBJC_IMPLEMENTATIONS = YES;
				CLANG_WARN_DIRECT_OBJC_ISA_USAGE = YES_ERROR;
				CLANG_WARN_DOCUMENTATION_COMMENTS = YES;
				CLANG_WARN_EMPTY_BODY = YES;
				CLANG_WARN_ENUM_CONVERSION = YES;
				CLANG_WARN_INFINITE_RECURSION = YES;
				CLANG_WARN_INT_CONVERSION = YES;
				CLANG_WARN_NON_LITERAL_NULL_CONVERSION = YES;
				CLANG_WARN_OBJC_IMPLICIT_RETAIN_SELF = YES;
				CLANG_WARN_OBJC_LITERAL_CONVERSION = YES;
				CLANG_WARN_OBJC_ROOT_CLASS = YES_ERROR;
				CLANG_WARN_RANGE_LOOP_ANALYSIS = YES;
				CLANG_WARN_STRICT_PROTOTYPES = YES;
				CLANG_WARN_SUSPICIOUS_MOVE = YES;
				CLANG_WARN_UNGUARDED_AVAILABILITY = YES_AGGRESSIVE;
				CLANG_WARN_UNREACHABLE_CODE = YES;
				CLANG_WARN__DUPLICATE_METHOD_MATCH = YES;
				CODE_SIGN_IDENTITY = "iPhone Developer";
				COPY_PHASE_STRIP = NO;
				DEBUG_INFORMATION_FORMAT = "dwarf-with-dsym";
				ENABLE_NS_ASSERTIONS = NO;
				ENABLE_STRICT_OBJC_MSGSEND = YES;
				GCC_C_LANGUAGE_STANDARD = gnu11;
				GCC_NO_COMMON_BLOCKS = YES;
				GCC_WARN_64_TO_32_BIT_CONVERSION = YES;
				GCC_WARN_ABOUT_RETURN_TYPE = YES_ERROR;
				GCC_WARN_UNDECLARED_SELECTOR = YES;
				GCC_WARN_UNINITIALIZED_AUTOS = YES_AGGRESSIVE;
				GCC_WARN_UNUSED_FUNCTION = YES;
				GCC_WARN_UNUSED_VARIABLE = YES;
				IPHONEOS_DEPLOYMENT_TARGET = 12.2;
				MTL_ENABLE_DEBUG_INFO = NO;
				MTL_FAST_MATH = YES;
				SDKROOT = iphoneos;
				SWIFT_COMPILATION_MODE = wholemodule;
				SWIFT_OPTIMIZATION_LEVEL = "-O";
				VALIDATE_PRODUCT = YES;
			};
			name = Release;
		};
		112262562328CEB8007CE3A6 /* Debug */ = {
			isa = XCBuildConfiguration;
			baseConfigurationReference = 7AA59A3D00E6CDF44F0C1D5E /* Pods-YLSwiftTest.debug.xcconfig */;
			buildSettings = {
				ASSETCATALOG_COMPILER_APPICON_NAME = AppIcon;
				CLANG_ENABLE_MODULES = YES;
				CODE_SIGN_STYLE = Automatic;
				DEVELOPMENT_TEAM = KD59NK3467;
				FRAMEWORK_SEARCH_PATHS = (
					"$(inherited)",
					"$(PROJECT_DIR)/YLSwiftTest/Code/Vender",
				);
				INFOPLIST_FILE = "$(SRCROOT)/YLSwiftTest/Supporting File/Info.plist";
				LD_RUNPATH_SEARCH_PATHS = (
					"$(inherited)",
					"@executable_path/Frameworks",
				);
				PRODUCT_BUNDLE_IDENTIFIER = hoggen.com.YLSwiftTest;
				PRODUCT_NAME = "$(TARGET_NAME)";
				SWIFT_OBJC_BRIDGING_HEADER = "YLSwiftTest/Code/BaseMain/YLSwiftTest-Bridging-Header.h";
				SWIFT_OPTIMIZATION_LEVEL = "-Onone";
				SWIFT_VERSION = 5.0;
				TARGETED_DEVICE_FAMILY = "1,2";
			};
			name = Debug;
		};
		112262572328CEB8007CE3A6 /* Release */ = {
			isa = XCBuildConfiguration;
			baseConfigurationReference = 0B7308C87586667DDDD50F0E /* Pods-YLSwiftTest.release.xcconfig */;
			buildSettings = {
				ASSETCATALOG_COMPILER_APPICON_NAME = AppIcon;
				CLANG_ENABLE_MODULES = YES;
				CODE_SIGN_STYLE = Automatic;
				DEVELOPMENT_TEAM = KD59NK3467;
				FRAMEWORK_SEARCH_PATHS = (
					"$(inherited)",
					"$(PROJECT_DIR)/YLSwiftTest/Code/Vender",
				);
				INFOPLIST_FILE = "$(SRCROOT)/YLSwiftTest/Supporting File/Info.plist";
				LD_RUNPATH_SEARCH_PATHS = (
					"$(inherited)",
					"@executable_path/Frameworks",
				);
				PRODUCT_BUNDLE_IDENTIFIER = hoggen.com.YLSwiftTest;
				PRODUCT_NAME = "$(TARGET_NAME)";
				SWIFT_OBJC_BRIDGING_HEADER = "YLSwiftTest/Code/BaseMain/YLSwiftTest-Bridging-Header.h";
				SWIFT_VERSION = 5.0;
				TARGETED_DEVICE_FAMILY = "1,2";
			};
			name = Release;
		};
/* End XCBuildConfiguration section */

/* Begin XCConfigurationList section */
		1122623E2328CEB7007CE3A6 /* Build configuration list for PBXProject "YLSwiftTest" */ = {
			isa = XCConfigurationList;
			buildConfigurations = (
				112262532328CEB8007CE3A6 /* Debug */,
				112262542328CEB8007CE3A6 /* Release */,
			);
			defaultConfigurationIsVisible = 0;
			defaultConfigurationName = Release;
		};
		112262552328CEB8007CE3A6 /* Build configuration list for PBXNativeTarget "YLSwiftTest" */ = {
			isa = XCConfigurationList;
			buildConfigurations = (
				112262562328CEB8007CE3A6 /* Debug */,
				112262572328CEB8007CE3A6 /* Release */,
			);
			defaultConfigurationIsVisible = 0;
			defaultConfigurationName = Release;
		};
/* End XCConfigurationList section */
	};
	rootObject = 1122623B2328CEB7007CE3A6 /* Project object */;
}
