// !$*UTF8*$!
{
	archiveVersion = 1;
	classes = {
	};
	objectVersion = 48;
	objects = {

/* Begin PBXBuildFile section */
		11153C9D1FDF7B0400BC79A3 /* AppDelegate.m in Sources */ = {isa = PBXBuildFile; fileRef = 11153C9C1FDF7B0400BC79A3 /* AppDelegate.m */; };
		11153CA01FDF7B0400BC79A3 /* ViewController.m in Sources */ = {isa = PBXBuildFile; fileRef = 11153C9F1FDF7B0400BC79A3 /* ViewController.m */; };
		11153CA31FDF7B0400BC79A3 /* Main.storyboard in Resources */ = {isa = PBXBuildFile; fileRef = 11153CA11FDF7B0400BC79A3 /* Main.storyboard */; };
		11153CA51FDF7B0400BC79A3 /* Assets.xcassets in Resources */ = {isa = PBXBuildFile; fileRef = 11153CA41FDF7B0400BC79A3 /* Assets.xcassets */; };
		11153CA81FDF7B0400BC79A3 /* LaunchScreen.storyboard in Resources */ = {isa = PBXBuildFile; fileRef = 11153CA61FDF7B0400BC79A3 /* LaunchScreen.storyboard */; };
		11153CAB1FDF7B0400BC79A3 /* main.m in Sources */ = {isa = PBXBuildFile; fileRef = 11153CAA1FDF7B0400BC79A3 /* main.m */; };
		11153CB51FDF7B0400BC79A3 /* UnitTestDemoTests.m in Sources */ = {isa = PBXBuildFile; fileRef = 11153CB41FDF7B0400BC79A3 /* UnitTestDemoTests.m */; };
		11153CC01FDF829800BC79A3 /* UserTest.m in Sources */ = {isa = PBXBuildFile; fileRef = 11153CBF1FDF829800BC79A3 /* UserTest.m */; };
		11153CC31FDF82C700BC79A3 /* User.m in Sources */ = {isa = PBXBuildFile; fileRef = 11153CC21FDF82C600BC79A3 /* User.m */; };
		111BA15D210AEE9E00058979 /* iflyMSC.framework in Frameworks */ = {isa = PBXBuildFile; fileRef = 111BA15C210AEE9E00058979 /* iflyMSC.framework */; };
		111BA160210AEF1400058979 /* libc++.tbd in Frameworks */ = {isa = PBXBuildFile; fileRef = 111BA15F210AEF1400058979 /* libc++.tbd */; };
		111BA162210AEF2100058979 /* libstdc++.tbd in Frameworks */ = {isa = PBXBuildFile; fileRef = 111BA161210AEF2100058979 /* libstdc++.tbd */; };
		111BA164210AEF2C00058979 /* SystemConfiguration.framework in Frameworks */ = {isa = PBXBuildFile; fileRef = 111BA163210AEF2C00058979 /* SystemConfiguration.framework */; };
		111BA166210AEF3700058979 /* MobileCoreServices.framework in Frameworks */ = {isa = PBXBuildFile; fileRef = 111BA165210AEF3700058979 /* MobileCoreServices.framework */; };
		111BA168210AEF4100058979 /* CoreGraphics.framework in Frameworks */ = {isa = PBXBuildFile; fileRef = 111BA167210AEF4100058979 /* CoreGraphics.framework */; };
		111BA16A210AEF4900058979 /* UIKit.framework in Frameworks */ = {isa = PBXBuildFile; fileRef = 111BA169210AEF4900058979 /* UIKit.framework */; };
		111BA16D210AF10500058979 /* FaceStreamDetectorViewController.m in Sources */ = {isa = PBXBuildFile; fileRef = 111BA16C210AF10500058979 /* FaceStreamDetectorViewController.m */; };
		111BA1A4210AF46100058979 /* CanvasView.m in Sources */ = {isa = PBXBuildFile; fileRef = 111BA18F210AF46000058979 /* CanvasView.m */; };
		111BA1A5210AF46100058979 /* CaptureManager.m in Sources */ = {isa = PBXBuildFile; fileRef = 111BA192210AF46000058979 /* CaptureManager.m */; };
		111BA1A6210AF46100058979 /* IFlyFaceResultKeys.m in Sources */ = {isa = PBXBuildFile; fileRef = 111BA195210AF46000058979 /* IFlyFaceResultKeys.m */; };
		111BA1A7210AF46100058979 /* IFlyFaceImage.m in Sources */ = {isa = PBXBuildFile; fileRef = 111BA198210AF46000058979 /* IFlyFaceImage.m */; };
		111BA1A8210AF46100058979 /* UIImage+compress.m in Sources */ = {isa = PBXBuildFile; fileRef = 111BA199210AF46000058979 /* UIImage+compress.m */; };
		111BA1A9210AF46100058979 /* CalculatorTools.m in Sources */ = {isa = PBXBuildFile; fileRef = 111BA19B210AF46000058979 /* CalculatorTools.m */; };
		111BA1AA210AF46100058979 /* UIImage+Extensions.m in Sources */ = {isa = PBXBuildFile; fileRef = 111BA19F210AF46000058979 /* UIImage+Extensions.m */; };
		111BA1AB210AF46100058979 /* PermissionDetector.m in Sources */ = {isa = PBXBuildFile; fileRef = 111BA1A3210AF46000058979 /* PermissionDetector.m */; };
		111BA1AC210AF76100058979 /* libc++.tbd in Frameworks */ = {isa = PBXBuildFile; fileRef = 111BA15F210AEF1400058979 /* libc++.tbd */; };
		111BA1AE210AF76900058979 /* libz.tbd in Frameworks */ = {isa = PBXBuildFile; fileRef = 111BA1AD210AF76900058979 /* libz.tbd */; };
		111BA1B0210AF77600058979 /* AVFoundation.framework in Frameworks */ = {isa = PBXBuildFile; fileRef = 111BA1AF210AF77600058979 /* AVFoundation.framework */; };
		111BA1B1210AF77D00058979 /* SystemConfiguration.framework in Frameworks */ = {isa = PBXBuildFile; fileRef = 111BA163210AEF2C00058979 /* SystemConfiguration.framework */; };
		111BA1B3210AF78400058979 /* Foundation.framework in Frameworks */ = {isa = PBXBuildFile; fileRef = 111BA1B2210AF78400058979 /* Foundation.framework */; };
		111BA1B5210AF78F00058979 /* CoreTelephony.framework in Frameworks */ = {isa = PBXBuildFile; fileRef = 111BA1B4210AF78F00058979 /* CoreTelephony.framework */; };
		111BA1B7210AF79900058979 /* AudioToolbox.framework in Frameworks */ = {isa = PBXBuildFile; fileRef = 111BA1B6210AF79900058979 /* AudioToolbox.framework */; };
		111BA1B8210AF7A100058979 /* UIKit.framework in Frameworks */ = {isa = PBXBuildFile; fileRef = 111BA169210AEF4900058979 /* UIKit.framework */; };
		111BA1BA210AF7A900058979 /* CoreLocation.framework in Frameworks */ = {isa = PBXBuildFile; fileRef = 111BA1B9210AF7A900058979 /* CoreLocation.framework */; };
		111BA1BC210AF7B200058979 /* AddressBook.framework in Frameworks */ = {isa = PBXBuildFile; fileRef = 111BA1BB210AF7B200058979 /* AddressBook.framework */; };
		111BA1BD210AF7B900058979 /* CoreGraphics.framework in Frameworks */ = {isa = PBXBuildFile; fileRef = 111BA167210AEF4100058979 /* CoreGraphics.framework */; };
		111BA1C5210AFE3600058979 /* shakeHead2.png in Resources */ = {isa = PBXBuildFile; fileRef = 111BA1BF210AFE3600058979 /* shakeHead2.png */; };
		111BA1C6210AFE3600058979 /* shakeHead3.png in Resources */ = {isa = PBXBuildFile; fileRef = 111BA1C0210AFE3600058979 /* shakeHead3.png */; };
		111BA1C7210AFE3600058979 /* shakeHead1.png in Resources */ = {isa = PBXBuildFile; fileRef = 111BA1C1210AFE3600058979 /* shakeHead1.png */; };
		111BA1C8210AFE3600058979 /* shakeHead0.png in Resources */ = {isa = PBXBuildFile; fileRef = 111BA1C2210AFE3600058979 /* shakeHead0.png */; };
		111BA1C9210AFE3600058979 /* openMouth0.png in Resources */ = {isa = PBXBuildFile; fileRef = 111BA1C3210AFE3600058979 /* openMouth0.png */; };
		111BA1CA210AFE3600058979 /* openMouth1.png in Resources */ = {isa = PBXBuildFile; fileRef = 111BA1C4210AFE3600058979 /* openMouth1.png */; };
		111BA1CD210EAA7300058979 /* YLRecordVideoView.m in Sources */ = {isa = PBXBuildFile; fileRef = 111BA1CC210EAA7300058979 /* YLRecordVideoView.m */; };
		111BA1D0210F027D00058979 /* YLProgressView.m in Sources */ = {isa = PBXBuildFile; fileRef = 111BA1CF210F027D00058979 /* YLProgressView.m */; };
		111BA1E7210F048E00058979 /* UILabel+Extension.m in Sources */ = {isa = PBXBuildFile; fileRef = 111BA1D7210F048D00058979 /* UILabel+Extension.m */; };
		111BA1E8210F048E00058979 /* UIViewController+Extension.m in Sources */ = {isa = PBXBuildFile; fileRef = 111BA1DA210F048D00058979 /* UIViewController+Extension.m */; };
		111BA1E9210F048E00058979 /* UIImage+Extension.m in Sources */ = {isa = PBXBuildFile; fileRef = 111BA1DB210F048D00058979 /* UIImage+Extension.m */; };
		111BA1EB210F048E00058979 /* UIResponder+Extension.m in Sources */ = {isa = PBXBuildFile; fileRef = 111BA1DD210F048D00058979 /* UIResponder+Extension.m */; };
		111BA1EC210F048E00058979 /* NSDate+Extension.m in Sources */ = {isa = PBXBuildFile; fileRef = 111BA1DF210F048D00058979 /* NSDate+Extension.m */; };
		111BA1ED210F048E00058979 /* NSTimer+Extension.m in Sources */ = {isa = PBXBuildFile; fileRef = 111BA1E0210F048D00058979 /* NSTimer+Extension.m */; };
		111BA1EE210F048E00058979 /* UIColor+Extension.m in Sources */ = {isa = PBXBuildFile; fileRef = 111BA1E1210F048D00058979 /* UIColor+Extension.m */; };
		111BA1EF210F048E00058979 /* NSString+Extension.m in Sources */ = {isa = PBXBuildFile; fileRef = 111BA1E2210F048D00058979 /* NSString+Extension.m */; };
		111BA1F0210F048E00058979 /* UIView+Extension.m in Sources */ = {isa = PBXBuildFile; fileRef = 111BA1E6210F048D00058979 /* UIView+Extension.m */; };
		111BA1F3210F096600058979 /* YLRecordControlView.m in Sources */ = {isa = PBXBuildFile; fileRef = 111BA1F2210F096600058979 /* YLRecordControlView.m */; };
		111BA1F6210F162500058979 /* RecordVideoViewController.m in Sources */ = {isa = PBXBuildFile; fileRef = 111BA1F5210F162500058979 /* RecordVideoViewController.m */; };
/* End PBXBuildFile section */

/* Begin PBXContainerItemProxy section */
		11153CB11FDF7B0400BC79A3 /* PBXContainerItemProxy */ = {
			isa = PBXContainerItemProxy;
			containerPortal = 11153C901FDF7B0400BC79A3 /* Project object */;
			proxyType = 1;
			remoteGlobalIDString = 11153C971FDF7B0400BC79A3;
			remoteInfo = UnitTestDemo;
		};
/* End PBXContainerItemProxy section */

/* Begin PBXFileReference section */
		11153C981FDF7B0400BC79A3 /* UnitTestDemo.app */ = {isa = PBXFileReference; explicitFileType = wrapper.application; includeInIndex = 0; path = UnitTestDemo.app; sourceTree = BUILT_PRODUCTS_DIR; };
		11153C9B1FDF7B0400BC79A3 /* AppDelegate.h */ = {isa = PBXFileReference; lastKnownFileType = sourcecode.c.h; path = AppDelegate.h; sourceTree = "<group>"; };
		11153C9C1FDF7B0400BC79A3 /* AppDelegate.m */ = {isa = PBXFileReference; lastKnownFileType = sourcecode.c.objc; path = AppDelegate.m; sourceTree = "<group>"; };
		11153C9E1FDF7B0400BC79A3 /* ViewController.h */ = {isa = PBXFileReference; lastKnownFileType = sourcecode.c.h; path = ViewController.h; sourceTree = "<group>"; };
		11153C9F1FDF7B0400BC79A3 /* ViewController.m */ = {isa = PBXFileReference; lastKnownFileType = sourcecode.c.objc; path = ViewController.m; sourceTree = "<group>"; };
		11153CA21FDF7B0400BC79A3 /* Base */ = {isa = PBXFileReference; lastKnownFileType = file.storyboard; name = Base; path = Base.lproj/Main.storyboard; sourceTree = "<group>"; };
		11153CA41FDF7B0400BC79A3 /* Assets.xcassets */ = {isa = PBXFileReference; lastKnownFileType = folder.assetcatalog; path = Assets.xcassets; sourceTree = "<group>"; };
		11153CA71FDF7B0400BC79A3 /* Base */ = {isa = PBXFileReference; lastKnownFileType = file.storyboard; name = Base; path = Base.lproj/LaunchScreen.storyboard; sourceTree = "<group>"; };
		11153CA91FDF7B0400BC79A3 /* Info.plist */ = {isa = PBXFileReference; lastKnownFileType = text.plist.xml; path = Info.plist; sourceTree = "<group>"; };
		11153CAA1FDF7B0400BC79A3 /* main.m */ = {isa = PBXFileReference; lastKnownFileType = sourcecode.c.objc; path = main.m; sourceTree = "<group>"; };
		11153CB01FDF7B0400BC79A3 /* UnitTestDemoTests.xctest */ = {isa = PBXFileReference; explicitFileType = wrapper.cfbundle; includeInIndex = 0; path = UnitTestDemoTests.xctest; sourceTree = BUILT_PRODUCTS_DIR; };
		11153CB41FDF7B0400BC79A3 /* UnitTestDemoTests.m */ = {isa = PBXFileReference; lastKnownFileType = sourcecode.c.objc; path = UnitTestDemoTests.m; sourceTree = "<group>"; };
		11153CB61FDF7B0400BC79A3 /* Info.plist */ = {isa = PBXFileReference; lastKnownFileType = text.plist.xml; path = Info.plist; sourceTree = "<group>"; };
		11153CBF1FDF829800BC79A3 /* UserTest.m */ = {isa = PBXFileReference; lastKnownFileType = sourcecode.c.objc; path = UserTest.m; sourceTree = "<group>"; };
		11153CC11FDF82C600BC79A3 /* User.h */ = {isa = PBXFileReference; fileEncoding = 4; lastKnownFileType = sourcecode.c.h; path = User.h; sourceTree = "<group>"; };
		11153CC21FDF82C600BC79A3 /* User.m */ = {isa = PBXFileReference; fileEncoding = 4; lastKnownFileType = sourcecode.c.objc; path = User.m; sourceTree = "<group>"; };
		111BA15C210AEE9E00058979 /* iflyMSC.framework */ = {isa = PBXFileReference; lastKnownFileType = wrapper.framework; path = iflyMSC.framework; sourceTree = "<group>"; };
		111BA15F210AEF1400058979 /* libc++.tbd */ = {isa = PBXFileReference; lastKnownFileType = "sourcecode.text-based-dylib-definition"; name = "libc++.tbd"; path = "usr/lib/libc++.tbd"; sourceTree = SDKROOT; };
		111BA161210AEF2100058979 /* libstdc++.tbd */ = {isa = PBXFileReference; lastKnownFileType = "sourcecode.text-based-dylib-definition"; name = "libstdc++.tbd"; path = "usr/lib/libstdc++.tbd"; sourceTree = SDKROOT; };
		111BA163210AEF2C00058979 /* SystemConfiguration.framework */ = {isa = PBXFileReference; lastKnownFileType = wrapper.framework; name = SystemConfiguration.framework; path = System/Library/Frameworks/SystemConfiguration.framework; sourceTree = SDKROOT; };
		111BA165210AEF3700058979 /* MobileCoreServices.framework */ = {isa = PBXFileReference; lastKnownFileType = wrapper.framework; name = MobileCoreServices.framework; path = System/Library/Frameworks/MobileCoreServices.framework; sourceTree = SDKROOT; };
		111BA167210AEF4100058979 /* CoreGraphics.framework */ = {isa = PBXFileReference; lastKnownFileType = wrapper.framework; name = CoreGraphics.framework; path = System/Library/Frameworks/CoreGraphics.framework; sourceTree = SDKROOT; };
		111BA169210AEF4900058979 /* UIKit.framework */ = {isa = PBXFileReference; lastKnownFileType = wrapper.framework; name = UIKit.framework; path = System/Library/Frameworks/UIKit.framework; sourceTree = SDKROOT; };
		111BA16B210AF10500058979 /* FaceStreamDetectorViewController.h */ = {isa = PBXFileReference; lastKnownFileType = sourcecode.c.h; path = FaceStreamDetectorViewController.h; sourceTree = "<group>"; };
		111BA16C210AF10500058979 /* FaceStreamDetectorViewController.m */ = {isa = PBXFileReference; lastKnownFileType = sourcecode.c.objc; path = FaceStreamDetectorViewController.m; sourceTree = "<group>"; };
		111BA18F210AF46000058979 /* CanvasView.m */ = {isa = PBXFileReference; fileEncoding = 4; lastKnownFileType = sourcecode.c.objc; path = CanvasView.m; sourceTree = "<group>"; };
		111BA190210AF46000058979 /* CanvasView.h */ = {isa = PBXFileReference; fileEncoding = 4; lastKnownFileType = sourcecode.c.h; path = CanvasView.h; sourceTree = "<group>"; };
		111BA192210AF46000058979 /* CaptureManager.m */ = {isa = PBXFileReference; fileEncoding = 4; lastKnownFileType = sourcecode.c.objc; path = CaptureManager.m; sourceTree = "<group>"; };
		111BA193210AF46000058979 /* CaptureManager.h */ = {isa = PBXFileReference; fileEncoding = 4; lastKnownFileType = sourcecode.c.h; path = CaptureManager.h; sourceTree = "<group>"; };
		111BA195210AF46000058979 /* IFlyFaceResultKeys.m */ = {isa = PBXFileReference; fileEncoding = 4; lastKnownFileType = sourcecode.c.objc; path = IFlyFaceResultKeys.m; sourceTree = "<group>"; };
		111BA196210AF46000058979 /* IFlyFaceResultKeys.h */ = {isa = PBXFileReference; fileEncoding = 4; lastKnownFileType = sourcecode.c.h; path = IFlyFaceResultKeys.h; sourceTree = "<group>"; };
		111BA198210AF46000058979 /* IFlyFaceImage.m */ = {isa = PBXFileReference; fileEncoding = 4; lastKnownFileType = sourcecode.c.objc; path = IFlyFaceImage.m; sourceTree = "<group>"; };
		111BA199210AF46000058979 /* UIImage+compress.m */ = {isa = PBXFileReference; fileEncoding = 4; lastKnownFileType = sourcecode.c.objc; path = "UIImage+compress.m"; sourceTree = "<group>"; };
		111BA19A210AF46000058979 /* UIImage+Extensions.h */ = {isa = PBXFileReference; fileEncoding = 4; lastKnownFileType = sourcecode.c.h; path = "UIImage+Extensions.h"; sourceTree = "<group>"; };
		111BA19B210AF46000058979 /* CalculatorTools.m */ = {isa = PBXFileReference; fileEncoding = 4; lastKnownFileType = sourcecode.c.objc; path = CalculatorTools.m; sourceTree = "<group>"; };
		111BA19C210AF46000058979 /* IFlyFaceImage.h */ = {isa = PBXFileReference; fileEncoding = 4; lastKnownFileType = sourcecode.c.h; path = IFlyFaceImage.h; sourceTree = "<group>"; };
		111BA19D210AF46000058979 /* UIImage+compress.h */ = {isa = PBXFileReference; fileEncoding = 4; lastKnownFileType = sourcecode.c.h; path = "UIImage+compress.h"; sourceTree = "<group>"; };
		111BA19E210AF46000058979 /* CalculatorTools.h */ = {isa = PBXFileReference; fileEncoding = 4; lastKnownFileType = sourcecode.c.h; path = CalculatorTools.h; sourceTree = "<group>"; };
		111BA19F210AF46000058979 /* UIImage+Extensions.m */ = {isa = PBXFileReference; fileEncoding = 4; lastKnownFileType = sourcecode.c.objc; path = "UIImage+Extensions.m"; sourceTree = "<group>"; };
		111BA1A0210AF46000058979 /* DemoPreDefine.h */ = {isa = PBXFileReference; fileEncoding = 4; lastKnownFileType = sourcecode.c.h; path = DemoPreDefine.h; sourceTree = "<group>"; };
		111BA1A2210AF46000058979 /* PermissionDetector.h */ = {isa = PBXFileReference; fileEncoding = 4; lastKnownFileType = sourcecode.c.h; path = PermissionDetector.h; sourceTree = "<group>"; };
		111BA1A3210AF46000058979 /* PermissionDetector.m */ = {isa = PBXFileReference; fileEncoding = 4; lastKnownFileType = sourcecode.c.objc; path = PermissionDetector.m; sourceTree = "<group>"; };
		111BA1AD210AF76900058979 /* libz.tbd */ = {isa = PBXFileReference; lastKnownFileType = "sourcecode.text-based-dylib-definition"; name = libz.tbd; path = usr/lib/libz.tbd; sourceTree = SDKROOT; };
		111BA1AF210AF77600058979 /* AVFoundation.framework */ = {isa = PBXFileReference; lastKnownFileType = wrapper.framework; name = AVFoundation.framework; path = System/Library/Frameworks/AVFoundation.framework; sourceTree = SDKROOT; };
		111BA1B2210AF78400058979 /* Foundation.framework */ = {isa = PBXFileReference; lastKnownFileType = wrapper.framework; name = Foundation.framework; path = System/Library/Frameworks/Foundation.framework; sourceTree = SDKROOT; };
		111BA1B4210AF78F00058979 /* CoreTelephony.framework */ = {isa = PBXFileReference; lastKnownFileType = wrapper.framework; name = CoreTelephony.framework; path = System/Library/Frameworks/CoreTelephony.framework; sourceTree = SDKROOT; };
		111BA1B6210AF79900058979 /* AudioToolbox.framework */ = {isa = PBXFileReference; lastKnownFileType = wrapper.framework; name = AudioToolbox.framework; path = System/Library/Frameworks/AudioToolbox.framework; sourceTree = SDKROOT; };
		111BA1B9210AF7A900058979 /* CoreLocation.framework */ = {isa = PBXFileReference; lastKnownFileType = wrapper.framework; name = CoreLocation.framework; path = System/Library/Frameworks/CoreLocation.framework; sourceTree = SDKROOT; };
		111BA1BB210AF7B200058979 /* AddressBook.framework */ = {isa = PBXFileReference; lastKnownFileType = wrapper.framework; name = AddressBook.framework; path = System/Library/Frameworks/AddressBook.framework; sourceTree = SDKROOT; };
		111BA1BF210AFE3600058979 /* shakeHead2.png */ = {isa = PBXFileReference; lastKnownFileType = image.png; path = shakeHead2.png; sourceTree = "<group>"; };
		111BA1C0210AFE3600058979 /* shakeHead3.png */ = {isa = PBXFileReference; lastKnownFileType = image.png; path = shakeHead3.png; sourceTree = "<group>"; };
		111BA1C1210AFE3600058979 /* shakeHead1.png */ = {isa = PBXFileReference; lastKnownFileType = image.png; path = shakeHead1.png; sourceTree = "<group>"; };
		111BA1C2210AFE3600058979 /* shakeHead0.png */ = {isa = PBXFileReference; lastKnownFileType = image.png; path = shakeHead0.png; sourceTree = "<group>"; };
		111BA1C3210AFE3600058979 /* openMouth0.png */ = {isa = PBXFileReference; lastKnownFileType = image.png; path = openMouth0.png; sourceTree = "<group>"; };
		111BA1C4210AFE3600058979 /* openMouth1.png */ = {isa = PBXFileReference; lastKnownFileType = image.png; path = openMouth1.png; sourceTree = "<group>"; };
		111BA1CB210EAA7300058979 /* YLRecordVideoView.h */ = {isa = PBXFileReference; lastKnownFileType = sourcecode.c.h; path = YLRecordVideoView.h; sourceTree = "<group>"; };
		111BA1CC210EAA7300058979 /* YLRecordVideoView.m */ = {isa = PBXFileReference; lastKnownFileType = sourcecode.c.objc; path = YLRecordVideoView.m; sourceTree = "<group>"; };
		111BA1CE210F027C00058979 /* YLProgressView.h */ = {isa = PBXFileReference; fileEncoding = 4; lastKnownFileType = sourcecode.c.h; path = YLProgressView.h; sourceTree = "<group>"; };
		111BA1CF210F027D00058979 /* YLProgressView.m */ = {isa = PBXFileReference; fileEncoding = 4; lastKnownFileType = sourcecode.c.objc; path = YLProgressView.m; sourceTree = "<group>"; };
		111BA1D2210F048D00058979 /* UIResponder+Extension.h */ = {isa = PBXFileReference; fileEncoding = 4; lastKnownFileType = sourcecode.c.h; path = "UIResponder+Extension.h"; sourceTree = "<group>"; };
		111BA1D4210F048D00058979 /* NSString+Extension.h */ = {isa = PBXFileReference; fileEncoding = 4; lastKnownFileType = sourcecode.c.h; path = "NSString+Extension.h"; sourceTree = "<group>"; };
		111BA1D5210F048D00058979 /* NSTimer+Extension.h */ = {isa = PBXFileReference; fileEncoding = 4; lastKnownFileType = sourcecode.c.h; path = "NSTimer+Extension.h"; sourceTree = "<group>"; };
		111BA1D6210F048D00058979 /* UIColor+Extension.h */ = {isa = PBXFileReference; fileEncoding = 4; lastKnownFileType = sourcecode.c.h; path = "UIColor+Extension.h"; sourceTree = "<group>"; };
		111BA1D7210F048D00058979 /* UILabel+Extension.m */ = {isa = PBXFileReference; fileEncoding = 4; lastKnownFileType = sourcecode.c.objc; path = "UILabel+Extension.m"; sourceTree = "<group>"; };
		111BA1D8210F048D00058979 /* NSDate+Extension.h */ = {isa = PBXFileReference; fileEncoding = 4; lastKnownFileType = sourcecode.c.h; path = "NSDate+Extension.h"; sourceTree = "<group>"; };
		111BA1D9210F048D00058979 /* UIView+Extension.h */ = {isa = PBXFileReference; fileEncoding = 4; lastKnownFileType = sourcecode.c.h; path = "UIView+Extension.h"; sourceTree = "<group>"; };
		111BA1DA210F048D00058979 /* UIViewController+Extension.m */ = {isa = PBXFileReference; fileEncoding = 4; lastKnownFileType = sourcecode.c.objc; path = "UIViewController+Extension.m"; sourceTree = "<group>"; };
		111BA1DB210F048D00058979 /* UIImage+Extension.m */ = {isa = PBXFileReference; fileEncoding = 4; lastKnownFileType = sourcecode.c.objc; path = "UIImage+Extension.m"; sourceTree = "<group>"; };
		111BA1DD210F048D00058979 /* UIResponder+Extension.m */ = {isa = PBXFileReference; fileEncoding = 4; lastKnownFileType = sourcecode.c.objc; path = "UIResponder+Extension.m"; sourceTree = "<group>"; };
		111BA1DE210F048D00058979 /* UILabel+Extension.h */ = {isa = PBXFileReference; fileEncoding = 4; lastKnownFileType = sourcecode.c.h; path = "UILabel+Extension.h"; sourceTree = "<group>"; };
		111BA1DF210F048D00058979 /* NSDate+Extension.m */ = {isa = PBXFileReference; fileEncoding = 4; lastKnownFileType = sourcecode.c.objc; path = "NSDate+Extension.m"; sourceTree = "<group>"; };
		111BA1E0210F048D00058979 /* NSTimer+Extension.m */ = {isa = PBXFileReference; fileEncoding = 4; lastKnownFileType = sourcecode.c.objc; path = "NSTimer+Extension.m"; sourceTree = "<group>"; };
		111BA1E1210F048D00058979 /* UIColor+Extension.m */ = {isa = PBXFileReference; fileEncoding = 4; lastKnownFileType = sourcecode.c.objc; path = "UIColor+Extension.m"; sourceTree = "<group>"; };
		111BA1E2210F048D00058979 /* NSString+Extension.m */ = {isa = PBXFileReference; fileEncoding = 4; lastKnownFileType = sourcecode.c.objc; path = "NSString+Extension.m"; sourceTree = "<group>"; };
		111BA1E3210F048D00058979 /* UIImage+Extension.h */ = {isa = PBXFileReference; fileEncoding = 4; lastKnownFileType = sourcecode.c.h; path = "UIImage+Extension.h"; sourceTree = "<group>"; };
		111BA1E4210F048D00058979 /* UIViewController+Extension.h */ = {isa = PBXFileReference; fileEncoding = 4; lastKnownFileType = sourcecode.c.h; path = "UIViewController+Extension.h"; sourceTree = "<group>"; };
		111BA1E5210F048D00058979 /* ExtensionHeader.h */ = {isa = PBXFileReference; fileEncoding = 4; lastKnownFileType = sourcecode.c.h; path = ExtensionHeader.h; sourceTree = "<group>"; };
		111BA1E6210F048D00058979 /* UIView+Extension.m */ = {isa = PBXFileReference; fileEncoding = 4; lastKnownFileType = sourcecode.c.objc; path = "UIView+Extension.m"; sourceTree = "<group>"; };
		111BA1F1210F096600058979 /* YLRecordControlView.h */ = {isa = PBXFileReference; lastKnownFileType = sourcecode.c.h; path = YLRecordControlView.h; sourceTree = "<group>"; };
		111BA1F2210F096600058979 /* YLRecordControlView.m */ = {isa = PBXFileReference; lastKnownFileType = sourcecode.c.objc; path = YLRecordControlView.m; sourceTree = "<group>"; };
		111BA1F4210F162500058979 /* RecordVideoViewController.h */ = {isa = PBXFileReference; lastKnownFileType = sourcecode.c.h; path = RecordVideoViewController.h; sourceTree = "<group>"; };
		111BA1F5210F162500058979 /* RecordVideoViewController.m */ = {isa = PBXFileReference; lastKnownFileType = sourcecode.c.objc; path = RecordVideoViewController.m; sourceTree = "<group>"; };
/* End PBXFileReference section */

/* Begin PBXFrameworksBuildPhase section */
		11153C951FDF7B0400BC79A3 /* Frameworks */ = {
			isa = PBXFrameworksBuildPhase;
			buildActionMask = 2147483647;
			files = (
				111BA1BD210AF7B900058979 /* CoreGraphics.framework in Frameworks */,
				111BA1BC210AF7B200058979 /* AddressBook.framework in Frameworks */,
				111BA1BA210AF7A900058979 /* CoreLocation.framework in Frameworks */,
				111BA1B8210AF7A100058979 /* UIKit.framework in Frameworks */,
				111BA1B7210AF79900058979 /* AudioToolbox.framework in Frameworks */,
				111BA1B5210AF78F00058979 /* CoreTelephony.framework in Frameworks */,
				111BA1B3210AF78400058979 /* Foundation.framework in Frameworks */,
				111BA1B1210AF77D00058979 /* SystemConfiguration.framework in Frameworks */,
				111BA1B0210AF77600058979 /* AVFoundation.framework in Frameworks */,
				111BA1AE210AF76900058979 /* libz.tbd in Frameworks */,
				111BA1AC210AF76100058979 /* libc++.tbd in Frameworks */,
				111BA15D210AEE9E00058979 /* iflyMSC.framework in Frameworks */,
			);
			runOnlyForDeploymentPostprocessing = 0;
		};
		11153CAD1FDF7B0400BC79A3 /* Frameworks */ = {
			isa = PBXFrameworksBuildPhase;
			buildActionMask = 2147483647;
			files = (
				111BA16A210AEF4900058979 /* UIKit.framework in Frameworks */,
				111BA168210AEF4100058979 /* CoreGraphics.framework in Frameworks */,
				111BA166210AEF3700058979 /* MobileCoreServices.framework in Frameworks */,
				111BA164210AEF2C00058979 /* SystemConfiguration.framework in Frameworks */,
				111BA162210AEF2100058979 /* libstdc++.tbd in Frameworks */,
				111BA160210AEF1400058979 /* libc++.tbd in Frameworks */,
			);
			runOnlyForDeploymentPostprocessing = 0;
		};
/* End PBXFrameworksBuildPhase section */

/* Begin PBXGroup section */
		11153C8F1FDF7B0400BC79A3 = {
			isa = PBXGroup;
			children = (
				11153C9A1FDF7B0400BC79A3 /* UnitTestDemo */,
				11153CB31FDF7B0400BC79A3 /* UnitTestDemoTests */,
				11153C991FDF7B0400BC79A3 /* Products */,
				111BA15E210AEF1400058979 /* Frameworks */,
			);
			sourceTree = "<group>";
		};
		11153C991FDF7B0400BC79A3 /* Products */ = {
			isa = PBXGroup;
			children = (
				11153C981FDF7B0400BC79A3 /* UnitTestDemo.app */,
				11153CB01FDF7B0400BC79A3 /* UnitTestDemoTests.xctest */,
			);
			name = Products;
			sourceTree = "<group>";
		};
		11153C9A1FDF7B0400BC79A3 /* UnitTestDemo */ = {
			isa = PBXGroup;
			children = (
				111BA1D1210F048D00058979 /* Category */,
				111BA1BE210AFE3600058979 /* images */,
				111BA18D210AF46000058979 /* Tools */,
				111BA15B210AEE7400058979 /* Framework */,
				11153CC11FDF82C600BC79A3 /* User.h */,
				11153CC21FDF82C600BC79A3 /* User.m */,
				11153C9B1FDF7B0400BC79A3 /* AppDelegate.h */,
				11153C9C1FDF7B0400BC79A3 /* AppDelegate.m */,
				111BA16B210AF10500058979 /* FaceStreamDetectorViewController.h */,
				111BA16C210AF10500058979 /* FaceStreamDetectorViewController.m */,
				11153C9E1FDF7B0400BC79A3 /* ViewController.h */,
				11153C9F1FDF7B0400BC79A3 /* ViewController.m */,
				11153CA11FDF7B0400BC79A3 /* Main.storyboard */,
				11153CA41FDF7B0400BC79A3 /* Assets.xcassets */,
				11153CA61FDF7B0400BC79A3 /* LaunchScreen.storyboard */,
				11153CA91FDF7B0400BC79A3 /* Info.plist */,
				11153CAA1FDF7B0400BC79A3 /* main.m */,
				111BA1CB210EAA7300058979 /* YLRecordVideoView.h */,
				111BA1CC210EAA7300058979 /* YLRecordVideoView.m */,
				111BA1CE210F027C00058979 /* YLProgressView.h */,
				111BA1CF210F027D00058979 /* YLProgressView.m */,
				111BA1F1210F096600058979 /* YLRecordControlView.h */,
				111BA1F2210F096600058979 /* YLRecordControlView.m */,
				111BA1F4210F162500058979 /* RecordVideoViewController.h */,
				111BA1F5210F162500058979 /* RecordVideoViewController.m */,
			);
			path = UnitTestDemo;
			sourceTree = "<group>";
		};
		11153CB31FDF7B0400BC79A3 /* UnitTestDemoTests */ = {
			isa = PBXGroup;
			children = (
				11153CB41FDF7B0400BC79A3 /* UnitTestDemoTests.m */,
				11153CBF1FDF829800BC79A3 /* UserTest.m */,
				11153CB61FDF7B0400BC79A3 /* Info.plist */,
			);
			path = UnitTestDemoTests;
			sourceTree = "<group>";
		};
		111BA15B210AEE7400058979 /* Framework */ = {
			isa = PBXGroup;
			children = (
				111BA15C210AEE9E00058979 /* iflyMSC.framework */,
			);
			path = Framework;
			sourceTree = "<group>";
		};
		111BA15E210AEF1400058979 /* Frameworks */ = {
			isa = PBXGroup;
			children = (
				111BA1BB210AF7B200058979 /* AddressBook.framework */,
				111BA1B9210AF7A900058979 /* CoreLocation.framework */,
				111BA1B6210AF79900058979 /* AudioToolbox.framework */,
				111BA1B4210AF78F00058979 /* CoreTelephony.framework */,
				111BA1B2210AF78400058979 /* Foundation.framework */,
				111BA1AF210AF77600058979 /* AVFoundation.framework */,
				111BA1AD210AF76900058979 /* libz.tbd */,
				111BA169210AEF4900058979 /* UIKit.framework */,
				111BA167210AEF4100058979 /* CoreGraphics.framework */,
				111BA165210AEF3700058979 /* MobileCoreServices.framework */,
				111BA163210AEF2C00058979 /* SystemConfiguration.framework */,
				111BA161210AEF2100058979 /* libstdc++.tbd */,
				111BA15F210AEF1400058979 /* libc++.tbd */,
			);
			name = Frameworks;
			sourceTree = "<group>";
		};
		111BA18D210AF46000058979 /* Tools */ = {
			isa = PBXGroup;
			children = (
				111BA18E210AF46000058979 /* CanvasView */,
				111BA191210AF46000058979 /* Capture */,
				111BA194210AF46000058979 /* Result */,
				111BA197210AF46000058979 /* Image */,
				111BA1A0210AF46000058979 /* DemoPreDefine.h */,
				111BA1A1210AF46000058979 /* Permission */,
			);
			path = Tools;
			sourceTree = "<group>";
		};
		111BA18E210AF46000058979 /* CanvasView */ = {
			isa = PBXGroup;
			children = (
				111BA190210AF46000058979 /* CanvasView.h */,
				111BA18F210AF46000058979 /* CanvasView.m */,
			);
			path = CanvasView;
			sourceTree = "<group>";
		};
		111BA191210AF46000058979 /* Capture */ = {
			isa = PBXGroup;
			children = (
				111BA192210AF46000058979 /* CaptureManager.m */,
				111BA193210AF46000058979 /* CaptureManager.h */,
			);
			path = Capture;
			sourceTree = "<group>";
		};
		111BA194210AF46000058979 /* Result */ = {
			isa = PBXGroup;
			children = (
				111BA195210AF46000058979 /* IFlyFaceResultKeys.m */,
				111BA196210AF46000058979 /* IFlyFaceResultKeys.h */,
			);
			path = Result;
			sourceTree = "<group>";
		};
		111BA197210AF46000058979 /* Image */ = {
			isa = PBXGroup;
			children = (
				111BA19C210AF46000058979 /* IFlyFaceImage.h */,
				111BA198210AF46000058979 /* IFlyFaceImage.m */,
				111BA199210AF46000058979 /* UIImage+compress.m */,
				111BA19A210AF46000058979 /* UIImage+Extensions.h */,
				111BA19B210AF46000058979 /* CalculatorTools.m */,
				111BA19D210AF46000058979 /* UIImage+compress.h */,
				111BA19E210AF46000058979 /* CalculatorTools.h */,
				111BA19F210AF46000058979 /* UIImage+Extensions.m */,
			);
			path = Image;
			sourceTree = "<group>";
		};
		111BA1A1210AF46000058979 /* Permission */ = {
			isa = PBXGroup;
			children = (
				111BA1A2210AF46000058979 /* PermissionDetector.h */,
				111BA1A3210AF46000058979 /* PermissionDetector.m */,
			);
			path = Permission;
			sourceTree = "<group>";
		};
		111BA1BE210AFE3600058979 /* images */ = {
			isa = PBXGroup;
			children = (
				111BA1BF210AFE3600058979 /* shakeHead2.png */,
				111BA1C0210AFE3600058979 /* shakeHead3.png */,
				111BA1C1210AFE3600058979 /* shakeHead1.png */,
				111BA1C2210AFE3600058979 /* shakeHead0.png */,
				111BA1C3210AFE3600058979 /* openMouth0.png */,
				111BA1C4210AFE3600058979 /* openMouth1.png */,
			);
			path = images;
			sourceTree = "<group>";
		};
		111BA1D1210F048D00058979 /* Category */ = {
			isa = PBXGroup;
			children = (
				111BA1E5210F048D00058979 /* ExtensionHeader.h */,
				111BA1D2210F048D00058979 /* UIResponder+Extension.h */,
				111BA1D4210F048D00058979 /* NSString+Extension.h */,
				111BA1D5210F048D00058979 /* NSTimer+Extension.h */,
				111BA1D6210F048D00058979 /* UIColor+Extension.h */,
				111BA1D7210F048D00058979 /* UILabel+Extension.m */,
				111BA1D8210F048D00058979 /* NSDate+Extension.h */,
				111BA1D9210F048D00058979 /* UIView+Extension.h */,
				111BA1DA210F048D00058979 /* UIViewController+Extension.m */,
				111BA1DB210F048D00058979 /* UIImage+Extension.m */,
				111BA1DD210F048D00058979 /* UIResponder+Extension.m */,
				111BA1DE210F048D00058979 /* UILabel+Extension.h */,
				111BA1DF210F048D00058979 /* NSDate+Extension.m */,
				111BA1E0210F048D00058979 /* NSTimer+Extension.m */,
				111BA1E1210F048D00058979 /* UIColor+Extension.m */,
				111BA1E2210F048D00058979 /* NSString+Extension.m */,
				111BA1E3210F048D00058979 /* UIImage+Extension.h */,
				111BA1E4210F048D00058979 /* UIViewController+Extension.h */,
				111BA1E6210F048D00058979 /* UIView+Extension.m */,
			);
			path = Category;
			sourceTree = "<group>";
		};
/* End PBXGroup section */

/* Begin PBXNativeTarget section */
		11153C971FDF7B0400BC79A3 /* UnitTestDemo */ = {
			isa = PBXNativeTarget;
			buildConfigurationList = 11153CB91FDF7B0400BC79A3 /* Build configuration list for PBXNativeTarget "UnitTestDemo" */;
			buildPhases = (
				11153C941FDF7B0400BC79A3 /* Sources */,
				11153C951FDF7B0400BC79A3 /* Frameworks */,
				11153C961FDF7B0400BC79A3 /* Resources */,
			);
			buildRules = (
			);
			dependencies = (
			);
			name = UnitTestDemo;
			productName = UnitTestDemo;
			productReference = 11153C981FDF7B0400BC79A3 /* UnitTestDemo.app */;
			productType = "com.apple.product-type.application";
		};
		11153CAF1FDF7B0400BC79A3 /* UnitTestDemoTests */ = {
			isa = PBXNativeTarget;
			buildConfigurationList = 11153CBC1FDF7B0400BC79A3 /* Build configuration list for PBXNativeTarget "UnitTestDemoTests" */;
			buildPhases = (
				11153CAC1FDF7B0400BC79A3 /* Sources */,
				11153CAD1FDF7B0400BC79A3 /* Frameworks */,
				11153CAE1FDF7B0400BC79A3 /* Resources */,
			);
			buildRules = (
			);
			dependencies = (
				11153CB21FDF7B0400BC79A3 /* PBXTargetDependency */,
			);
			name = UnitTestDemoTests;
			productName = UnitTestDemoTests;
			productReference = 11153CB01FDF7B0400BC79A3 /* UnitTestDemoTests.xctest */;
			productType = "com.apple.product-type.bundle.unit-test";
		};
/* End PBXNativeTarget section */

/* Begin PBXProject section */
		11153C901FDF7B0400BC79A3 /* Project object */ = {
			isa = PBXProject;
			attributes = {
				LastUpgradeCheck = 0910;
				ORGANIZATIONNAME = "王留根";
				TargetAttributes = {
					11153C971FDF7B0400BC79A3 = {
						CreatedOnToolsVersion = 9.1;
						ProvisioningStyle = Automatic;
					};
					11153CAF1FDF7B0400BC79A3 = {
						CreatedOnToolsVersion = 9.1;
						ProvisioningStyle = Automatic;
						TestTargetID = 11153C971FDF7B0400BC79A3;
					};
				};
			};
			buildConfigurationList = 11153C931FDF7B0400BC79A3 /* Build configuration list for PBXProject "UnitTestDemo" */;
			compatibilityVersion = "Xcode 8.0";
			developmentRegion = en;
			hasScannedForEncodings = 0;
			knownRegions = (
				en,
				Base,
			);
			mainGroup = 11153C8F1FDF7B0400BC79A3;
			productRefGroup = 11153C991FDF7B0400BC79A3 /* Products */;
			projectDirPath = "";
			projectRoot = "";
			targets = (
				11153C971FDF7B0400BC79A3 /* UnitTestDemo */,
				11153CAF1FDF7B0400BC79A3 /* UnitTestDemoTests */,
			);
		};
/* End PBXProject section */

/* Begin PBXResourcesBuildPhase section */
		11153C961FDF7B0400BC79A3 /* Resources */ = {
			isa = PBXResourcesBuildPhase;
			buildActionMask = 2147483647;
			files = (
				111BA1C9210AFE3600058979 /* openMouth0.png in Resources */,
				111BA1C8210AFE3600058979 /* shakeHead0.png in Resources */,
				111BA1C7210AFE3600058979 /* shakeHead1.png in Resources */,
				11153CA81FDF7B0400BC79A3 /* LaunchScreen.storyboard in Resources */,
				111BA1CA210AFE3600058979 /* openMouth1.png in Resources */,
				111BA1C5210AFE3600058979 /* shakeHead2.png in Resources */,
				11153CA51FDF7B0400BC79A3 /* Assets.xcassets in Resources */,
				111BA1C6210AFE3600058979 /* shakeHead3.png in Resources */,
				11153CA31FDF7B0400BC79A3 /* Main.storyboard in Resources */,
			);
			runOnlyForDeploymentPostprocessing = 0;
		};
		11153CAE1FDF7B0400BC79A3 /* Resources */ = {
			isa = PBXResourcesBuildPhase;
			buildActionMask = 2147483647;
			files = (
			);
			runOnlyForDeploymentPostprocessing = 0;
		};
/* End PBXResourcesBuildPhase section */

/* Begin PBXSourcesBuildPhase section */
		11153C941FDF7B0400BC79A3 /* Sources */ = {
			isa = PBXSourcesBuildPhase;
			buildActionMask = 2147483647;
			files = (
				111BA16D210AF10500058979 /* FaceStreamDetectorViewController.m in Sources */,
				11153CC31FDF82C700BC79A3 /* User.m in Sources */,
				111BA1A5210AF46100058979 /* CaptureManager.m in Sources */,
				111BA1A4210AF46100058979 /* CanvasView.m in Sources */,
				111BA1E7210F048E00058979 /* UILabel+Extension.m in Sources */,
				111BA1F6210F162500058979 /* RecordVideoViewController.m in Sources */,
				111BA1AB210AF46100058979 /* PermissionDetector.m in Sources */,
				111BA1EE210F048E00058979 /* UIColor+Extension.m in Sources */,
				111BA1EF210F048E00058979 /* NSString+Extension.m in Sources */,
				111BA1ED210F048E00058979 /* NSTimer+Extension.m in Sources */,
				11153CA01FDF7B0400BC79A3 /* ViewController.m in Sources */,
				111BA1A8210AF46100058979 /* UIImage+compress.m in Sources */,
				111BA1A6210AF46100058979 /* IFlyFaceResultKeys.m in Sources */,
				111BA1EB210F048E00058979 /* UIResponder+Extension.m in Sources */,
				111BA1AA210AF46100058979 /* UIImage+Extensions.m in Sources */,
				11153CAB1FDF7B0400BC79A3 /* main.m in Sources */,
				111BA1A7210AF46100058979 /* IFlyFaceImage.m in Sources */,
				111BA1EC210F048E00058979 /* NSDate+Extension.m in Sources */,
				111BA1A9210AF46100058979 /* CalculatorTools.m in Sources */,
				111BA1CD210EAA7300058979 /* YLRecordVideoView.m in Sources */,
				111BA1F0210F048E00058979 /* UIView+Extension.m in Sources */,
				11153C9D1FDF7B0400BC79A3 /* AppDelegate.m in Sources */,
				111BA1E9210F048E00058979 /* UIImage+Extension.m in Sources */,
				111BA1E8210F048E00058979 /* UIViewController+Extension.m in Sources */,
				111BA1F3210F096600058979 /* YLRecordControlView.m in Sources */,
				111BA1D0210F027D00058979 /* YLProgressView.m in Sources */,
			);
			runOnlyForDeploymentPostprocessing = 0;
		};
		11153CAC1FDF7B0400BC79A3 /* Sources */ = {
			isa = PBXSourcesBuildPhase;
			buildActionMask = 2147483647;
			files = (
				11153CC01FDF829800BC79A3 /* UserTest.m in Sources */,
				11153CB51FDF7B0400BC79A3 /* UnitTestDemoTests.m in Sources */,
			);
			runOnlyForDeploymentPostprocessing = 0;
		};
/* End PBXSourcesBuildPhase section */

/* Begin PBXTargetDependency section */
		11153CB21FDF7B0400BC79A3 /* PBXTargetDependency */ = {
			isa = PBXTargetDependency;
			target = 11153C971FDF7B0400BC79A3 /* UnitTestDemo */;
			targetProxy = 11153CB11FDF7B0400BC79A3 /* PBXContainerItemProxy */;
		};
/* End PBXTargetDependency section */

/* Begin PBXVariantGroup section */
		11153CA11FDF7B0400BC79A3 /* Main.storyboard */ = {
			isa = PBXVariantGroup;
			children = (
				11153CA21FDF7B0400BC79A3 /* Base */,
			);
			name = Main.storyboard;
			sourceTree = "<group>";
		};
		11153CA61FDF7B0400BC79A3 /* LaunchScreen.storyboard */ = {
			isa = PBXVariantGroup;
			children = (
				11153CA71FDF7B0400BC79A3 /* Base */,
			);
			name = LaunchScreen.storyboard;
			sourceTree = "<group>";
		};
/* End PBXVariantGroup section */

/* Begin XCBuildConfiguration section */
		11153CB71FDF7B0400BC79A3 /* Debug */ = {
			isa = XCBuildConfiguration;
			buildSettings = {
				ALWAYS_SEARCH_USER_PATHS = NO;
				CLANG_ANALYZER_NONNULL = YES;
				CLANG_ANALYZER_NUMBER_OBJECT_CONVERSION = YES_AGGRESSIVE;
				CLANG_CXX_LANGUAGE_STANDARD = "gnu++14";
				CLANG_CXX_LIBRARY = "libc++";
				CLANG_ENABLE_MODULES = YES;
				CLANG_ENABLE_OBJC_ARC = YES;
				CLANG_WARN_BLOCK_CAPTURE_AUTORELEASING = YES;
				CLANG_WARN_BOOL_CONVERSION = YES;
				CLANG_WARN_COMMA = YES;
				CLANG_WARN_CONSTANT_CONVERSION = YES;
				CLANG_WARN_DIRECT_OBJC_ISA_USAGE = YES_ERROR;
				CLANG_WARN_DOCUMENTATION_COMMENTS = YES;
				CLANG_WARN_EMPTY_BODY = YES;
				CLANG_WARN_ENUM_CONVERSION = YES;
				CLANG_WARN_INFINITE_RECURSION = YES;
				CLANG_WARN_INT_CONVERSION = YES;
				CLANG_WARN_NON_LITERAL_NULL_CONVERSION = YES;
				CLANG_WARN_OBJC_LITERAL_CONVERSION = YES;
				CLANG_WARN_OBJC_ROOT_CLASS = YES_ERROR;
				CLANG_WARN_RANGE_LOOP_ANALYSIS = YES;
				CLANG_WARN_STRICT_PROTOTYPES = YES;
				CLANG_WARN_SUSPICIOUS_MOVE = YES;
				CLANG_WARN_UNGUARDED_AVAILABILITY = YES_AGGRESSIVE;
				CLANG_WARN_UNREACHABLE_CODE = YES;
				CLANG_WARN__DUPLICATE_METHOD_MATCH = YES;
				CODE_SIGN_IDENTITY = "iPhone Developer";
				COPY_PHASE_STRIP = NO;
				DEBUG_INFORMATION_FORMAT = dwarf;
				ENABLE_STRICT_OBJC_MSGSEND = YES;
				ENABLE_TESTABILITY = YES;
				GCC_C_LANGUAGE_STANDARD = gnu11;
				GCC_DYNAMIC_NO_PIC = NO;
				GCC_NO_COMMON_BLOCKS = YES;
				GCC_OPTIMIZATION_LEVEL = 0;
				GCC_PREPROCESSOR_DEFINITIONS = (
					"DEBUG=1",
					"$(inherited)",
				);
				GCC_WARN_64_TO_32_BIT_CONVERSION = YES;
				GCC_WARN_ABOUT_RETURN_TYPE = YES_ERROR;
				GCC_WARN_UNDECLARED_SELECTOR = YES;
				GCC_WARN_UNINITIALIZED_AUTOS = YES_AGGRESSIVE;
				GCC_WARN_UNUSED_FUNCTION = YES;
				GCC_WARN_UNUSED_VARIABLE = YES;
				IPHONEOS_DEPLOYMENT_TARGET = 11.1;
				MTL_ENABLE_DEBUG_INFO = YES;
				ONLY_ACTIVE_ARCH = YES;
				SDKROOT = iphoneos;
			};
			name = Debug;
		};
		11153CB81FDF7B0400BC79A3 /* Release */ = {
			isa = XCBuildConfiguration;
			buildSettings = {
				ALWAYS_SEARCH_USER_PATHS = NO;
				CLANG_ANALYZER_NONNULL = YES;
				CLANG_ANALYZER_NUMBER_OBJECT_CONVERSION = YES_AGGRESSIVE;
				CLANG_CXX_LANGUAGE_STANDARD = "gnu++14";
				CLANG_CXX_LIBRARY = "libc++";
				CLANG_ENABLE_MODULES = YES;
				CLANG_ENABLE_OBJC_ARC = YES;
				CLANG_WARN_BLOCK_CAPTURE_AUTORELEASING = YES;
				CLANG_WARN_BOOL_CONVERSION = YES;
				CLANG_WARN_COMMA = YES;
				CLANG_WARN_CONSTANT_CONVERSION = YES;
				CLANG_WARN_DIRECT_OBJC_ISA_USAGE = YES_ERROR;
				CLANG_WARN_DOCUMENTATION_COMMENTS = YES;
				CLANG_WARN_EMPTY_BODY = YES;
				CLANG_WARN_ENUM_CONVERSION = YES;
				CLANG_WARN_INFINITE_RECURSION = YES;
				CLANG_WARN_INT_CONVERSION = YES;
				CLANG_WARN_NON_LITERAL_NULL_CONVERSION = YES;
				CLANG_WARN_OBJC_LITERAL_CONVERSION = YES;
				CLANG_WARN_OBJC_ROOT_CLASS = YES_ERROR;
				CLANG_WARN_RANGE_LOOP_ANALYSIS = YES;
				CLANG_WARN_STRICT_PROTOTYPES = YES;
				CLANG_WARN_SUSPICIOUS_MOVE = YES;
				CLANG_WARN_UNGUARDED_AVAILABILITY = YES_AGGRESSIVE;
				CLANG_WARN_UNREACHABLE_CODE = YES;
				CLANG_WARN__DUPLICATE_METHOD_MATCH = YES;
				CODE_SIGN_IDENTITY = "iPhone Developer";
				COPY_PHASE_STRIP = NO;
				DEBUG_INFORMATION_FORMAT = "dwarf-with-dsym";
				ENABLE_NS_ASSERTIONS = NO;
				ENABLE_STRICT_OBJC_MSGSEND = YES;
				GCC_C_LANGUAGE_STANDARD = gnu11;
				GCC_NO_COMMON_BLOCKS = YES;
				GCC_WARN_64_TO_32_BIT_CONVERSION = YES;
				GCC_WARN_ABOUT_RETURN_TYPE = YES_ERROR;
				GCC_WARN_UNDECLARED_SELECTOR = YES;
				GCC_WARN_UNINITIALIZED_AUTOS = YES_AGGRESSIVE;
				GCC_WARN_UNUSED_FUNCTION = YES;
				GCC_WARN_UNUSED_VARIABLE = YES;
				IPHONEOS_DEPLOYMENT_TARGET = 11.1;
				MTL_ENABLE_DEBUG_INFO = NO;
				SDKROOT = iphoneos;
				VALIDATE_PRODUCT = YES;
			};
			name = Release;
		};
		11153CBA1FDF7B0400BC79A3 /* Debug */ = {
			isa = XCBuildConfiguration;
			buildSettings = {
				ARCHS = (
					arm64,
					armv7,
					armv7s,
				);
				ASSETCATALOG_COMPILER_APPICON_NAME = AppIcon;
				CODE_SIGN_STYLE = Automatic;
				DEVELOPMENT_TEAM = 87F6Z4326W;
				ENABLE_BITCODE = NO;
				FRAMEWORK_SEARCH_PATHS = (
					"$(inherited)",
					"$(PROJECT_DIR)/UnitTestDemo/Framework",
				);
				INFOPLIST_FILE = UnitTestDemo/Info.plist;
				IPHONEOS_DEPLOYMENT_TARGET = 9.0;
				LD_RUNPATH_SEARCH_PATHS = "$(inherited) @executable_path/Frameworks";
				ONLY_ACTIVE_ARCH = NO;
				PRODUCT_BUNDLE_IDENTIFIER = hoggenw.com.UnitTestDemo;
				PRODUCT_NAME = "$(TARGET_NAME)";
				TARGETED_DEVICE_FAMILY = "1,2";
			};
			name = Debug;
		};
		11153CBB1FDF7B0400BC79A3 /* Release */ = {
			isa = XCBuildConfiguration;
			buildSettings = {
				ARCHS = (
					arm64,
					armv7,
					armv7s,
				);
				ASSETCATALOG_COMPILER_APPICON_NAME = AppIcon;
				CODE_SIGN_STYLE = Automatic;
				DEVELOPMENT_TEAM = 87F6Z4326W;
				ENABLE_BITCODE = NO;
				FRAMEWORK_SEARCH_PATHS = (
					"$(inherited)",
					"$(PROJECT_DIR)/UnitTestDemo/Framework",
				);
				INFOPLIST_FILE = UnitTestDemo/Info.plist;
				IPHONEOS_DEPLOYMENT_TARGET = 9.0;
				LD_RUNPATH_SEARCH_PATHS = "$(inherited) @executable_path/Frameworks";
				ONLY_ACTIVE_ARCH = YES;
				PRODUCT_BUNDLE_IDENTIFIER = hoggenw.com.UnitTestDemo;
				PRODUCT_NAME = "$(TARGET_NAME)";
				TARGETED_DEVICE_FAMILY = "1,2";
			};
			name = Release;
		};
		11153CBD1FDF7B0400BC79A3 /* Debug */ = {
			isa = XCBuildConfiguration;
			buildSettings = {
				BUNDLE_LOADER = "$(TEST_HOST)";
				CODE_SIGN_STYLE = Automatic;
				DEVELOPMENT_TEAM = 87F6Z4326W;
				ENABLE_BITCODE = NO;
				INFOPLIST_FILE = UnitTestDemoTests/Info.plist;
				LD_RUNPATH_SEARCH_PATHS = "$(inherited) @executable_path/Frameworks @loader_path/Frameworks";
				PRODUCT_BUNDLE_IDENTIFIER = hoggenw.com.UnitTestDemoTests;
				PRODUCT_NAME = "$(TARGET_NAME)";
				TARGETED_DEVICE_FAMILY = "1,2";
				TEST_HOST = "$(BUILT_PRODUCTS_DIR)/UnitTestDemo.app/UnitTestDemo";
			};
			name = Debug;
		};
		11153CBE1FDF7B0400BC79A3 /* Release */ = {
			isa = XCBuildConfiguration;
			buildSettings = {
				BUNDLE_LOADER = "$(TEST_HOST)";
				CODE_SIGN_STYLE = Automatic;
				DEVELOPMENT_TEAM = 87F6Z4326W;
				ENABLE_BITCODE = NO;
				INFOPLIST_FILE = UnitTestDemoTests/Info.plist;
				LD_RUNPATH_SEARCH_PATHS = "$(inherited) @executable_path/Frameworks @loader_path/Frameworks";
				PRODUCT_BUNDLE_IDENTIFIER = hoggenw.com.UnitTestDemoTests;
				PRODUCT_NAME = "$(TARGET_NAME)";
				TARGETED_DEVICE_FAMILY = "1,2";
				TEST_HOST = "$(BUILT_PRODUCTS_DIR)/UnitTestDemo.app/UnitTestDemo";
			};
			name = Release;
		};
/* End XCBuildConfiguration section */

/* Begin XCConfigurationList section */
		11153C931FDF7B0400BC79A3 /* Build configuration list for PBXProject "UnitTestDemo" */ = {
			isa = XCConfigurationList;
			buildConfigurations = (
				11153CB71FDF7B0400BC79A3 /* Debug */,
				11153CB81FDF7B0400BC79A3 /* Release */,
			);
			defaultConfigurationIsVisible = 0;
			defaultConfigurationName = Release;
		};
		11153CB91FDF7B0400BC79A3 /* Build configuration list for PBXNativeTarget "UnitTestDemo" */ = {
			isa = XCConfigurationList;
			buildConfigurations = (
				11153CBA1FDF7B0400BC79A3 /* Debug */,
				11153CBB1FDF7B0400BC79A3 /* Release */,
			);
			defaultConfigurationIsVisible = 0;
			defaultConfigurationName = Release;
		};
		11153CBC1FDF7B0400BC79A3 /* Build configuration list for PBXNativeTarget "UnitTestDemoTests" */ = {
			isa = XCConfigurationList;
			buildConfigurations = (
				11153CBD1FDF7B0400BC79A3 /* Debug */,
				11153CBE1FDF7B0400BC79A3 /* Release */,
			);
			defaultConfigurationIsVisible = 0;
			defaultConfigurationName = Release;
		};
/* End XCConfigurationList section */
	};
	rootObject = 11153C901FDF7B0400BC79A3 /* Project object */;
}
